
Microsoft Visual Studio Solution File, Format Version 12.00
# Visual Studio Version 17
VisualStudioVersion = 17.5.33209.295
MinimumVisualStudioVersion = 10.0.40219.1
Project("{8BC9CEB8-8B4A-11D0-8D11-00A0C91BC942}") = "glad", "dep\glad\glad.vcxproj", "{43540154-9E1E-409C-834F-B84BE5621388}"
EndProject
Project("{2150E333-8FDC-42A3-9474-1A3956D46DE8}") = "Dependencies", "Dependencies", "{BA490C0E-497D-4634-A21E-E65012006385}"
EndProject
Project("{8BC9CEB8-8B4A-11D0-8D11-00A0C91BC942}") = "imgui", "dep\imgui\imgui.vcxproj", "{BB08260F-6FBC-46AF-8924-090EE71360C6}"
EndProject
Project("{8BC9CEB8-8B4A-11D0-8D11-00A0C91BC942}") = "common", "src\common\common.vcxproj", "{EE054E08-3799-4A59-A422-18259C105FFD}"
	ProjectSection(ProjectDependencies) = postProject
		{7F909E29-4808-4BD9-A60C-56C51A3AAEC2} = {7F909E29-4808-4BD9-A60C-56C51A3AAEC2}
		{43540154-9E1E-409C-834F-B84BE5621388} = {43540154-9E1E-409C-834F-B84BE5621388}
		{ED601289-AC1A-46B8-A8ED-17DB9EB73423} = {ED601289-AC1A-46B8-A8ED-17DB9EB73423}
		{425D6C99-D1C8-43C2-B8AC-4D7B1D941017} = {425D6C99-D1C8-43C2-B8AC-4D7B1D941017}
		{7FF9FDB9-D504-47DB-A16A-B08071999620} = {7FF9FDB9-D504-47DB-A16A-B08071999620}
		{39F0ADFF-3A84-470D-9CF0-CA49E164F2F3} = {39F0ADFF-3A84-470D-9CF0-CA49E164F2F3}
	EndProjectSection
EndProject
Project("{8BC9CEB8-8B4A-11D0-8D11-00A0C91BC942}") = "core", "src\core\core.vcxproj", "{868B98C8-65A1-494B-8346-250A73A48C0A}"
	ProjectSection(ProjectDependencies) = postProject
		{EE054E08-3799-4A59-A422-18259C105FFD} = {EE054E08-3799-4A59-A422-18259C105FFD}
		{BB08260F-6FBC-46AF-8924-090EE71360C6} = {BB08260F-6FBC-46AF-8924-090EE71360C6}
		{8906836E-F06E-46E8-B11A-74E5E8C7B8FB} = {8906836E-F06E-46E8-B11A-74E5E8C7B8FB}
		{ED601289-AC1A-46B8-A8ED-17DB9EB73423} = {ED601289-AC1A-46B8-A8ED-17DB9EB73423}
		{09553C96-9F39-49BF-8AE6-7ACBD07C410C} = {09553C96-9F39-49BF-8AE6-7ACBD07C410C}
		{7FF9FDB9-D504-47DB-A16A-B08071999620} = {7FF9FDB9-D504-47DB-A16A-B08071999620}
	EndProjectSection
EndProject
Project("{8BC9CEB8-8B4A-11D0-8D11-00A0C91BC942}") = "stb", "dep\stb\stb.vcxproj", "{ED601289-AC1A-46B8-A8ED-17DB9EB73423}"
EndProject
Project("{8BC9CEB8-8B4A-11D0-8D11-00A0C91BC942}") = "simpleini", "dep\simpleini\simpleini.vcxproj", "{3773F4CC-614E-4028-8595-22E08CA649E3}"
EndProject
Project("{8BC9CEB8-8B4A-11D0-8D11-00A0C91BC942}") = "tinyxml2", "dep\tinyxml2\tinyxml2.vcxproj", "{933118A9-68C5-47B4-B151-B03C93961623}"
EndProject
Project("{8BC9CEB8-8B4A-11D0-8D11-00A0C91BC942}") = "minizip", "dep\minizip\minizip.vcxproj", "{8BDA439C-6358-45FB-9994-2FF083BABE06}"
	ProjectSection(ProjectDependencies) = postProject
		{7FF9FDB9-D504-47DB-A16A-B08071999620} = {7FF9FDB9-D504-47DB-A16A-B08071999620}
	EndProjectSection
EndProject
Project("{8BC9CEB8-8B4A-11D0-8D11-00A0C91BC942}") = "zlib", "dep\zlib\zlib.vcxproj", "{7FF9FDB9-D504-47DB-A16A-B08071999620}"
EndProject
Project("{8BC9CEB8-8B4A-11D0-8D11-00A0C91BC942}") = "libchdr", "dep\libchdr\libchdr.vcxproj", "{425D6C99-D1C8-43C2-B8AC-4D7B1D941017}"
	ProjectSection(ProjectDependencies) = postProject
		{DD944834-7899-4C1C-A4C1-064B5009D239} = {DD944834-7899-4C1C-A4C1-064B5009D239}
		{7FF9FDB9-D504-47DB-A16A-B08071999620} = {7FF9FDB9-D504-47DB-A16A-B08071999620}
	EndProjectSection
EndProject
Project("{8BC9CEB8-8B4A-11D0-8D11-00A0C91BC942}") = "lzma", "dep\lzma\lzma.vcxproj", "{DD944834-7899-4C1C-A4C1-064B5009D239}"
EndProject
Project("{8BC9CEB8-8B4A-11D0-8D11-00A0C91BC942}") = "frontend-common", "src\frontend-common\frontend-common.vcxproj", "{6245DEC8-D2DA-47EE-A373-CBD6FCF3ECE6}"
	ProjectSection(ProjectDependencies) = postProject
		{075CED82-6A20-46DF-94C7-9624AC9DDBEB} = {075CED82-6A20-46DF-94C7-9624AC9DDBEB}
		{8BDA439C-6358-45FB-9994-2FF083BABE06} = {8BDA439C-6358-45FB-9994-2FF083BABE06}
		{933118A9-68C5-47B4-B151-B03C93961623} = {933118A9-68C5-47B4-B151-B03C93961623}
		{868B98C8-65A1-494B-8346-250A73A48C0A} = {868B98C8-65A1-494B-8346-250A73A48C0A}
		{3773F4CC-614E-4028-8595-22E08CA649E3} = {3773F4CC-614E-4028-8595-22E08CA649E3}
		{4BA0A6D4-3AE1-42B2-9347-096FD023FF64} = {4BA0A6D4-3AE1-42B2-9347-096FD023FF64}
	EndProjectSection
EndProject
Project("{8BC9CEB8-8B4A-11D0-8D11-00A0C91BC942}") = "xxhash", "dep\xxhash\xxhash.vcxproj", "{09553C96-9F39-49BF-8AE6-7ACBD07C410C}"
EndProject
Project("{8BC9CEB8-8B4A-11D0-8D11-00A0C91BC942}") = "scmversion", "src\scmversion\scmversion.vcxproj", "{075CED82-6A20-46DF-94C7-9624AC9DDBEB}"
EndProject
Project("{8BC9CEB8-8B4A-11D0-8D11-00A0C91BC942}") = "glslang", "dep\glslang\glslang.vcxproj", "{7F909E29-4808-4BD9-A60C-56C51A3AAEC2}"
EndProject
Project("{8BC9CEB8-8B4A-11D0-8D11-00A0C91BC942}") = "vixl", "dep\vixl\vixl.vcxproj", "{8906836E-F06E-46E8-B11A-74E5E8C7B8FB}"
EndProject
Project("{8BC9CEB8-8B4A-11D0-8D11-00A0C91BC942}") = "libsamplerate", "dep\libsamplerate\libsamplerate.vcxproj", "{39F0ADFF-3A84-470D-9CF0-CA49E164F2F3}"
EndProject
Project("{8BC9CEB8-8B4A-11D0-8D11-00A0C91BC942}") = "rcheevos", "dep\rcheevos\rcheevos.vcxproj", "{4BA0A6D4-3AE1-42B2-9347-096FD023FF64}"
EndProject
Project("{8BC9CEB8-8B4A-11D0-8D11-00A0C91BC942}") = "duckstation-uwp", "src\duckstation-uwp\duckstation-uwp.vcxproj", "{E2A6CEA9-9537-4C61-B637-81F1F17EF638}"
	ProjectSection(ProjectDependencies) = postProject
		{6245DEC8-D2DA-47EE-A373-CBD6FCF3ECE6} = {6245DEC8-D2DA-47EE-A373-CBD6FCF3ECE6}
	EndProjectSection
EndProject
Project("{8BC9CEB8-8B4A-11D0-8D11-00A0C91BC942}") = "util", "src\util\util.vcxproj", "{57F6206D-F264-4B07-BAF8-11B9BBE1F455}"
EndProject
Project("{8BC9CEB8-8B4A-11D0-8D11-00A0C91BC942}") = "fmt", "dep\fmt\fmt.vcxproj", "{8BE398E6-B882-4248-9065-FECC8728E038}"
EndProject
Global
	GlobalSection(SolutionConfigurationPlatforms) = preSolution
		Debug|ARM = Debug|ARM
		Debug|ARM64 = Debug|ARM64
		Debug|x64 = Debug|x64
		Debug|x86 = Debug|x86
		DebugFast|ARM = DebugFast|ARM
		DebugFast|ARM64 = DebugFast|ARM64
		DebugFast|x64 = DebugFast|x64
		DebugFast|x86 = DebugFast|x86
		DebugUWP|ARM = DebugUWP|ARM
		DebugUWP|ARM64 = DebugUWP|ARM64
		DebugUWP|x64 = DebugUWP|x64
		DebugUWP|x86 = DebugUWP|x86
		Release|ARM = Release|ARM
		Release|ARM64 = Release|ARM64
		Release|x64 = Release|x64
		Release|x86 = Release|x86
		ReleaseLTCG|ARM = ReleaseLTCG|ARM
		ReleaseLTCG|ARM64 = ReleaseLTCG|ARM64
		ReleaseLTCG|x64 = ReleaseLTCG|x64
		ReleaseLTCG|x86 = ReleaseLTCG|x86
		ReleaseUWP|ARM = ReleaseUWP|ARM
		ReleaseUWP|ARM64 = ReleaseUWP|ARM64
		ReleaseUWP|x64 = ReleaseUWP|x64
		ReleaseUWP|x86 = ReleaseUWP|x86
	EndGlobalSection
	GlobalSection(ProjectConfigurationPlatforms) = postSolution
		{43540154-9E1E-409C-834F-B84BE5621388}.Debug|ARM.ActiveCfg = Debug|ARM
		{43540154-9E1E-409C-834F-B84BE5621388}.Debug|ARM.Build.0 = Debug|ARM
		{43540154-9E1E-409C-834F-B84BE5621388}.Debug|ARM64.ActiveCfg = Debug|ARM64
		{43540154-9E1E-409C-834F-B84BE5621388}.Debug|ARM64.Build.0 = Debug|ARM64
		{43540154-9E1E-409C-834F-B84BE5621388}.Debug|x64.ActiveCfg = Debug|x64
		{43540154-9E1E-409C-834F-B84BE5621388}.Debug|x64.Build.0 = Debug|x64
		{43540154-9E1E-409C-834F-B84BE5621388}.Debug|x86.ActiveCfg = Debug|Win32
		{43540154-9E1E-409C-834F-B84BE5621388}.Debug|x86.Build.0 = Debug|Win32
		{43540154-9E1E-409C-834F-B84BE5621388}.DebugFast|ARM.ActiveCfg = DebugFast|ARM
		{43540154-9E1E-409C-834F-B84BE5621388}.DebugFast|ARM.Build.0 = DebugFast|ARM
		{43540154-9E1E-409C-834F-B84BE5621388}.DebugFast|ARM64.ActiveCfg = DebugFast|ARM64
		{43540154-9E1E-409C-834F-B84BE5621388}.DebugFast|ARM64.Build.0 = DebugFast|ARM64
		{43540154-9E1E-409C-834F-B84BE5621388}.DebugFast|x64.ActiveCfg = DebugFast|x64
		{43540154-9E1E-409C-834F-B84BE5621388}.DebugFast|x64.Build.0 = DebugFast|x64
		{43540154-9E1E-409C-834F-B84BE5621388}.DebugFast|x86.ActiveCfg = DebugFast|Win32
		{43540154-9E1E-409C-834F-B84BE5621388}.DebugFast|x86.Build.0 = DebugFast|Win32
		{43540154-9E1E-409C-834F-B84BE5621388}.DebugUWP|ARM.ActiveCfg = DebugUWP|ARM
		{43540154-9E1E-409C-834F-B84BE5621388}.DebugUWP|ARM.Build.0 = DebugUWP|ARM
		{43540154-9E1E-409C-834F-B84BE5621388}.DebugUWP|ARM64.ActiveCfg = DebugUWP|ARM64
		{43540154-9E1E-409C-834F-B84BE5621388}.DebugUWP|ARM64.Build.0 = DebugUWP|ARM64
		{43540154-9E1E-409C-834F-B84BE5621388}.DebugUWP|x64.ActiveCfg = DebugUWP|x64
		{43540154-9E1E-409C-834F-B84BE5621388}.DebugUWP|x64.Build.0 = DebugUWP|x64
		{43540154-9E1E-409C-834F-B84BE5621388}.DebugUWP|x86.ActiveCfg = DebugUWP|Win32
		{43540154-9E1E-409C-834F-B84BE5621388}.DebugUWP|x86.Build.0 = DebugUWP|Win32
		{43540154-9E1E-409C-834F-B84BE5621388}.Release|ARM.ActiveCfg = Release|ARM
		{43540154-9E1E-409C-834F-B84BE5621388}.Release|ARM.Build.0 = Release|ARM
		{43540154-9E1E-409C-834F-B84BE5621388}.Release|ARM64.ActiveCfg = Release|ARM64
		{43540154-9E1E-409C-834F-B84BE5621388}.Release|ARM64.Build.0 = Release|ARM64
		{43540154-9E1E-409C-834F-B84BE5621388}.Release|x64.ActiveCfg = Release|x64
		{43540154-9E1E-409C-834F-B84BE5621388}.Release|x64.Build.0 = Release|x64
		{43540154-9E1E-409C-834F-B84BE5621388}.Release|x86.ActiveCfg = Release|Win32
		{43540154-9E1E-409C-834F-B84BE5621388}.Release|x86.Build.0 = Release|Win32
		{43540154-9E1E-409C-834F-B84BE5621388}.ReleaseLTCG|ARM.ActiveCfg = ReleaseLTCG|ARM
		{43540154-9E1E-409C-834F-B84BE5621388}.ReleaseLTCG|ARM.Build.0 = ReleaseLTCG|ARM
		{43540154-9E1E-409C-834F-B84BE5621388}.ReleaseLTCG|ARM64.ActiveCfg = ReleaseLTCG|ARM64
		{43540154-9E1E-409C-834F-B84BE5621388}.ReleaseLTCG|ARM64.Build.0 = ReleaseLTCG|ARM64
		{43540154-9E1E-409C-834F-B84BE5621388}.ReleaseLTCG|x64.ActiveCfg = ReleaseLTCG|x64
		{43540154-9E1E-409C-834F-B84BE5621388}.ReleaseLTCG|x64.Build.0 = ReleaseLTCG|x64
		{43540154-9E1E-409C-834F-B84BE5621388}.ReleaseLTCG|x86.ActiveCfg = ReleaseLTCG|Win32
		{43540154-9E1E-409C-834F-B84BE5621388}.ReleaseLTCG|x86.Build.0 = ReleaseLTCG|Win32
		{43540154-9E1E-409C-834F-B84BE5621388}.ReleaseUWP|ARM.ActiveCfg = ReleaseUWP|ARM
		{43540154-9E1E-409C-834F-B84BE5621388}.ReleaseUWP|ARM.Build.0 = ReleaseUWP|ARM
		{43540154-9E1E-409C-834F-B84BE5621388}.ReleaseUWP|ARM64.ActiveCfg = ReleaseUWP|ARM64
		{43540154-9E1E-409C-834F-B84BE5621388}.ReleaseUWP|ARM64.Build.0 = ReleaseUWP|ARM64
		{43540154-9E1E-409C-834F-B84BE5621388}.ReleaseUWP|x64.ActiveCfg = ReleaseUWP|x64
		{43540154-9E1E-409C-834F-B84BE5621388}.ReleaseUWP|x64.Build.0 = ReleaseUWP|x64
		{43540154-9E1E-409C-834F-B84BE5621388}.ReleaseUWP|x86.ActiveCfg = ReleaseUWP|Win32
		{43540154-9E1E-409C-834F-B84BE5621388}.ReleaseUWP|x86.Build.0 = ReleaseUWP|Win32
		{BB08260F-6FBC-46AF-8924-090EE71360C6}.Debug|ARM.ActiveCfg = Debug|ARM
		{BB08260F-6FBC-46AF-8924-090EE71360C6}.Debug|ARM.Build.0 = Debug|ARM
		{BB08260F-6FBC-46AF-8924-090EE71360C6}.Debug|ARM64.ActiveCfg = Debug|ARM64
		{BB08260F-6FBC-46AF-8924-090EE71360C6}.Debug|ARM64.Build.0 = Debug|ARM64
		{BB08260F-6FBC-46AF-8924-090EE71360C6}.Debug|x64.ActiveCfg = Debug|x64
		{BB08260F-6FBC-46AF-8924-090EE71360C6}.Debug|x64.Build.0 = Debug|x64
		{BB08260F-6FBC-46AF-8924-090EE71360C6}.Debug|x86.ActiveCfg = Debug|Win32
		{BB08260F-6FBC-46AF-8924-090EE71360C6}.Debug|x86.Build.0 = Debug|Win32
		{BB08260F-6FBC-46AF-8924-090EE71360C6}.DebugFast|ARM.ActiveCfg = DebugFast|ARM
		{BB08260F-6FBC-46AF-8924-090EE71360C6}.DebugFast|ARM.Build.0 = DebugFast|ARM
		{BB08260F-6FBC-46AF-8924-090EE71360C6}.DebugFast|ARM64.ActiveCfg = DebugFast|ARM64
		{BB08260F-6FBC-46AF-8924-090EE71360C6}.DebugFast|ARM64.Build.0 = DebugFast|ARM64
		{BB08260F-6FBC-46AF-8924-090EE71360C6}.DebugFast|x64.ActiveCfg = DebugFast|x64
		{BB08260F-6FBC-46AF-8924-090EE71360C6}.DebugFast|x64.Build.0 = DebugFast|x64
		{BB08260F-6FBC-46AF-8924-090EE71360C6}.DebugFast|x86.ActiveCfg = DebugFast|Win32
		{BB08260F-6FBC-46AF-8924-090EE71360C6}.DebugFast|x86.Build.0 = DebugFast|Win32
		{BB08260F-6FBC-46AF-8924-090EE71360C6}.DebugUWP|ARM.ActiveCfg = DebugUWP|ARM
		{BB08260F-6FBC-46AF-8924-090EE71360C6}.DebugUWP|ARM.Build.0 = DebugUWP|ARM
		{BB08260F-6FBC-46AF-8924-090EE71360C6}.DebugUWP|ARM64.ActiveCfg = DebugUWP|ARM64
		{BB08260F-6FBC-46AF-8924-090EE71360C6}.DebugUWP|ARM64.Build.0 = DebugUWP|ARM64
		{BB08260F-6FBC-46AF-8924-090EE71360C6}.DebugUWP|x64.ActiveCfg = DebugUWP|x64
		{BB08260F-6FBC-46AF-8924-090EE71360C6}.DebugUWP|x64.Build.0 = DebugUWP|x64
		{BB08260F-6FBC-46AF-8924-090EE71360C6}.DebugUWP|x86.ActiveCfg = DebugUWP|Win32
		{BB08260F-6FBC-46AF-8924-090EE71360C6}.DebugUWP|x86.Build.0 = DebugUWP|Win32
		{BB08260F-6FBC-46AF-8924-090EE71360C6}.Release|ARM.ActiveCfg = Release|ARM
		{BB08260F-6FBC-46AF-8924-090EE71360C6}.Release|ARM.Build.0 = Release|ARM
		{BB08260F-6FBC-46AF-8924-090EE71360C6}.Release|ARM64.ActiveCfg = Release|ARM64
		{BB08260F-6FBC-46AF-8924-090EE71360C6}.Release|ARM64.Build.0 = Release|ARM64
		{BB08260F-6FBC-46AF-8924-090EE71360C6}.Release|x64.ActiveCfg = Release|x64
		{BB08260F-6FBC-46AF-8924-090EE71360C6}.Release|x64.Build.0 = Release|x64
		{BB08260F-6FBC-46AF-8924-090EE71360C6}.Release|x86.ActiveCfg = Release|Win32
		{BB08260F-6FBC-46AF-8924-090EE71360C6}.Release|x86.Build.0 = Release|Win32
		{BB08260F-6FBC-46AF-8924-090EE71360C6}.ReleaseLTCG|ARM.ActiveCfg = ReleaseLTCG|ARM
		{BB08260F-6FBC-46AF-8924-090EE71360C6}.ReleaseLTCG|ARM.Build.0 = ReleaseLTCG|ARM
		{BB08260F-6FBC-46AF-8924-090EE71360C6}.ReleaseLTCG|ARM64.ActiveCfg = ReleaseLTCG|ARM64
		{BB08260F-6FBC-46AF-8924-090EE71360C6}.ReleaseLTCG|ARM64.Build.0 = ReleaseLTCG|ARM64
		{BB08260F-6FBC-46AF-8924-090EE71360C6}.ReleaseLTCG|x64.ActiveCfg = ReleaseLTCG|x64
		{BB08260F-6FBC-46AF-8924-090EE71360C6}.ReleaseLTCG|x64.Build.0 = ReleaseLTCG|x64
		{BB08260F-6FBC-46AF-8924-090EE71360C6}.ReleaseLTCG|x86.ActiveCfg = ReleaseLTCG|Win32
		{BB08260F-6FBC-46AF-8924-090EE71360C6}.ReleaseLTCG|x86.Build.0 = ReleaseLTCG|Win32
		{BB08260F-6FBC-46AF-8924-090EE71360C6}.ReleaseUWP|ARM.ActiveCfg = ReleaseUWP|ARM
		{BB08260F-6FBC-46AF-8924-090EE71360C6}.ReleaseUWP|ARM.Build.0 = ReleaseUWP|ARM
		{BB08260F-6FBC-46AF-8924-090EE71360C6}.ReleaseUWP|ARM64.ActiveCfg = ReleaseUWP|ARM64
		{BB08260F-6FBC-46AF-8924-090EE71360C6}.ReleaseUWP|ARM64.Build.0 = ReleaseUWP|ARM64
		{BB08260F-6FBC-46AF-8924-090EE71360C6}.ReleaseUWP|x64.ActiveCfg = ReleaseUWP|x64
		{BB08260F-6FBC-46AF-8924-090EE71360C6}.ReleaseUWP|x64.Build.0 = ReleaseUWP|x64
		{BB08260F-6FBC-46AF-8924-090EE71360C6}.ReleaseUWP|x86.ActiveCfg = ReleaseUWP|Win32
		{BB08260F-6FBC-46AF-8924-090EE71360C6}.ReleaseUWP|x86.Build.0 = ReleaseUWP|Win32
		{EE054E08-3799-4A59-A422-18259C105FFD}.Debug|ARM.ActiveCfg = Debug|ARM
		{EE054E08-3799-4A59-A422-18259C105FFD}.Debug|ARM.Build.0 = Debug|ARM
		{EE054E08-3799-4A59-A422-18259C105FFD}.Debug|ARM64.ActiveCfg = Debug|ARM64
		{EE054E08-3799-4A59-A422-18259C105FFD}.Debug|ARM64.Build.0 = Debug|ARM64
		{EE054E08-3799-4A59-A422-18259C105FFD}.Debug|x64.ActiveCfg = Debug|x64
		{EE054E08-3799-4A59-A422-18259C105FFD}.Debug|x64.Build.0 = Debug|x64
		{EE054E08-3799-4A59-A422-18259C105FFD}.Debug|x86.ActiveCfg = Debug|Win32
		{EE054E08-3799-4A59-A422-18259C105FFD}.Debug|x86.Build.0 = Debug|Win32
		{EE054E08-3799-4A59-A422-18259C105FFD}.DebugFast|ARM.ActiveCfg = DebugFast|ARM
		{EE054E08-3799-4A59-A422-18259C105FFD}.DebugFast|ARM.Build.0 = DebugFast|ARM
		{EE054E08-3799-4A59-A422-18259C105FFD}.DebugFast|ARM64.ActiveCfg = DebugFast|ARM64
		{EE054E08-3799-4A59-A422-18259C105FFD}.DebugFast|ARM64.Build.0 = DebugFast|ARM64
		{EE054E08-3799-4A59-A422-18259C105FFD}.DebugFast|x64.ActiveCfg = DebugFast|x64
		{EE054E08-3799-4A59-A422-18259C105FFD}.DebugFast|x64.Build.0 = DebugFast|x64
		{EE054E08-3799-4A59-A422-18259C105FFD}.DebugFast|x86.ActiveCfg = DebugFast|Win32
		{EE054E08-3799-4A59-A422-18259C105FFD}.DebugFast|x86.Build.0 = DebugFast|Win32
		{EE054E08-3799-4A59-A422-18259C105FFD}.DebugUWP|ARM.ActiveCfg = DebugUWP|ARM
		{EE054E08-3799-4A59-A422-18259C105FFD}.DebugUWP|ARM.Build.0 = DebugUWP|ARM
		{EE054E08-3799-4A59-A422-18259C105FFD}.DebugUWP|ARM64.ActiveCfg = DebugUWP|ARM64
		{EE054E08-3799-4A59-A422-18259C105FFD}.DebugUWP|ARM64.Build.0 = DebugUWP|ARM64
		{EE054E08-3799-4A59-A422-18259C105FFD}.DebugUWP|x64.ActiveCfg = DebugUWP|x64
		{EE054E08-3799-4A59-A422-18259C105FFD}.DebugUWP|x64.Build.0 = DebugUWP|x64
		{EE054E08-3799-4A59-A422-18259C105FFD}.DebugUWP|x86.ActiveCfg = DebugUWP|Win32
		{EE054E08-3799-4A59-A422-18259C105FFD}.DebugUWP|x86.Build.0 = DebugUWP|Win32
		{EE054E08-3799-4A59-A422-18259C105FFD}.Release|ARM.ActiveCfg = Release|ARM
		{EE054E08-3799-4A59-A422-18259C105FFD}.Release|ARM.Build.0 = Release|ARM
		{EE054E08-3799-4A59-A422-18259C105FFD}.Release|ARM64.ActiveCfg = Release|ARM64
		{EE054E08-3799-4A59-A422-18259C105FFD}.Release|ARM64.Build.0 = Release|ARM64
		{EE054E08-3799-4A59-A422-18259C105FFD}.Release|x64.ActiveCfg = Release|x64
		{EE054E08-3799-4A59-A422-18259C105FFD}.Release|x64.Build.0 = Release|x64
		{EE054E08-3799-4A59-A422-18259C105FFD}.Release|x86.ActiveCfg = Release|Win32
		{EE054E08-3799-4A59-A422-18259C105FFD}.Release|x86.Build.0 = Release|Win32
		{EE054E08-3799-4A59-A422-18259C105FFD}.ReleaseLTCG|ARM.ActiveCfg = ReleaseLTCG|ARM
		{EE054E08-3799-4A59-A422-18259C105FFD}.ReleaseLTCG|ARM.Build.0 = ReleaseLTCG|ARM
		{EE054E08-3799-4A59-A422-18259C105FFD}.ReleaseLTCG|ARM64.ActiveCfg = ReleaseLTCG|ARM64
		{EE054E08-3799-4A59-A422-18259C105FFD}.ReleaseLTCG|ARM64.Build.0 = ReleaseLTCG|ARM64
		{EE054E08-3799-4A59-A422-18259C105FFD}.ReleaseLTCG|x64.ActiveCfg = ReleaseLTCG|x64
		{EE054E08-3799-4A59-A422-18259C105FFD}.ReleaseLTCG|x64.Build.0 = ReleaseLTCG|x64
		{EE054E08-3799-4A59-A422-18259C105FFD}.ReleaseLTCG|x86.ActiveCfg = ReleaseLTCG|Win32
		{EE054E08-3799-4A59-A422-18259C105FFD}.ReleaseLTCG|x86.Build.0 = ReleaseLTCG|Win32
		{EE054E08-3799-4A59-A422-18259C105FFD}.ReleaseUWP|ARM.ActiveCfg = ReleaseUWP|ARM
		{EE054E08-3799-4A59-A422-18259C105FFD}.ReleaseUWP|ARM.Build.0 = ReleaseUWP|ARM
		{EE054E08-3799-4A59-A422-18259C105FFD}.ReleaseUWP|ARM64.ActiveCfg = ReleaseUWP|ARM64
		{EE054E08-3799-4A59-A422-18259C105FFD}.ReleaseUWP|ARM64.Build.0 = ReleaseUWP|ARM64
		{EE054E08-3799-4A59-A422-18259C105FFD}.ReleaseUWP|x64.ActiveCfg = ReleaseUWP|x64
		{EE054E08-3799-4A59-A422-18259C105FFD}.ReleaseUWP|x64.Build.0 = ReleaseUWP|x64
		{EE054E08-3799-4A59-A422-18259C105FFD}.ReleaseUWP|x86.ActiveCfg = ReleaseUWP|Win32
		{EE054E08-3799-4A59-A422-18259C105FFD}.ReleaseUWP|x86.Build.0 = ReleaseUWP|Win32
		{868B98C8-65A1-494B-8346-250A73A48C0A}.Debug|ARM.ActiveCfg = Debug|ARM
		{868B98C8-65A1-494B-8346-250A73A48C0A}.Debug|ARM.Build.0 = Debug|ARM
		{868B98C8-65A1-494B-8346-250A73A48C0A}.Debug|ARM64.ActiveCfg = Debug|ARM64
		{868B98C8-65A1-494B-8346-250A73A48C0A}.Debug|ARM64.Build.0 = Debug|ARM64
		{868B98C8-65A1-494B-8346-250A73A48C0A}.Debug|x64.ActiveCfg = Debug|x64
		{868B98C8-65A1-494B-8346-250A73A48C0A}.Debug|x64.Build.0 = Debug|x64
		{868B98C8-65A1-494B-8346-250A73A48C0A}.Debug|x86.ActiveCfg = Debug|Win32
		{868B98C8-65A1-494B-8346-250A73A48C0A}.Debug|x86.Build.0 = Debug|Win32
		{868B98C8-65A1-494B-8346-250A73A48C0A}.DebugFast|ARM.ActiveCfg = DebugFast|ARM
		{868B98C8-65A1-494B-8346-250A73A48C0A}.DebugFast|ARM.Build.0 = DebugFast|ARM
		{868B98C8-65A1-494B-8346-250A73A48C0A}.DebugFast|ARM64.ActiveCfg = DebugFast|ARM64
		{868B98C8-65A1-494B-8346-250A73A48C0A}.DebugFast|ARM64.Build.0 = DebugFast|ARM64
		{868B98C8-65A1-494B-8346-250A73A48C0A}.DebugFast|x64.ActiveCfg = DebugFast|x64
		{868B98C8-65A1-494B-8346-250A73A48C0A}.DebugFast|x64.Build.0 = DebugFast|x64
		{868B98C8-65A1-494B-8346-250A73A48C0A}.DebugFast|x86.ActiveCfg = DebugFast|Win32
		{868B98C8-65A1-494B-8346-250A73A48C0A}.DebugFast|x86.Build.0 = DebugFast|Win32
		{868B98C8-65A1-494B-8346-250A73A48C0A}.DebugUWP|ARM.ActiveCfg = DebugUWP|ARM
		{868B98C8-65A1-494B-8346-250A73A48C0A}.DebugUWP|ARM.Build.0 = DebugUWP|ARM
		{868B98C8-65A1-494B-8346-250A73A48C0A}.DebugUWP|ARM64.ActiveCfg = DebugUWP|ARM64
		{868B98C8-65A1-494B-8346-250A73A48C0A}.DebugUWP|ARM64.Build.0 = DebugUWP|ARM64
		{868B98C8-65A1-494B-8346-250A73A48C0A}.DebugUWP|x64.ActiveCfg = DebugUWP|x64
		{868B98C8-65A1-494B-8346-250A73A48C0A}.DebugUWP|x64.Build.0 = DebugUWP|x64
		{868B98C8-65A1-494B-8346-250A73A48C0A}.DebugUWP|x86.ActiveCfg = DebugUWP|Win32
		{868B98C8-65A1-494B-8346-250A73A48C0A}.DebugUWP|x86.Build.0 = DebugUWP|Win32
		{868B98C8-65A1-494B-8346-250A73A48C0A}.Release|ARM.ActiveCfg = Release|ARM
		{868B98C8-65A1-494B-8346-250A73A48C0A}.Release|ARM.Build.0 = Release|ARM
		{868B98C8-65A1-494B-8346-250A73A48C0A}.Release|ARM64.ActiveCfg = Release|ARM64
		{868B98C8-65A1-494B-8346-250A73A48C0A}.Release|ARM64.Build.0 = Release|ARM64
		{868B98C8-65A1-494B-8346-250A73A48C0A}.Release|x64.ActiveCfg = Release|x64
		{868B98C8-65A1-494B-8346-250A73A48C0A}.Release|x64.Build.0 = Release|x64
		{868B98C8-65A1-494B-8346-250A73A48C0A}.Release|x86.ActiveCfg = Release|Win32
		{868B98C8-65A1-494B-8346-250A73A48C0A}.Release|x86.Build.0 = Release|Win32
		{868B98C8-65A1-494B-8346-250A73A48C0A}.ReleaseLTCG|ARM.ActiveCfg = ReleaseLTCG|ARM
		{868B98C8-65A1-494B-8346-250A73A48C0A}.ReleaseLTCG|ARM.Build.0 = ReleaseLTCG|ARM
		{868B98C8-65A1-494B-8346-250A73A48C0A}.ReleaseLTCG|ARM64.ActiveCfg = ReleaseLTCG|ARM64
		{868B98C8-65A1-494B-8346-250A73A48C0A}.ReleaseLTCG|ARM64.Build.0 = ReleaseLTCG|ARM64
		{868B98C8-65A1-494B-8346-250A73A48C0A}.ReleaseLTCG|x64.ActiveCfg = ReleaseLTCG|x64
		{868B98C8-65A1-494B-8346-250A73A48C0A}.ReleaseLTCG|x64.Build.0 = ReleaseLTCG|x64
		{868B98C8-65A1-494B-8346-250A73A48C0A}.ReleaseLTCG|x86.ActiveCfg = ReleaseLTCG|Win32
		{868B98C8-65A1-494B-8346-250A73A48C0A}.ReleaseLTCG|x86.Build.0 = ReleaseLTCG|Win32
		{868B98C8-65A1-494B-8346-250A73A48C0A}.ReleaseUWP|ARM.ActiveCfg = ReleaseUWP|ARM
		{868B98C8-65A1-494B-8346-250A73A48C0A}.ReleaseUWP|ARM.Build.0 = ReleaseUWP|ARM
		{868B98C8-65A1-494B-8346-250A73A48C0A}.ReleaseUWP|ARM64.ActiveCfg = ReleaseUWP|ARM64
		{868B98C8-65A1-494B-8346-250A73A48C0A}.ReleaseUWP|ARM64.Build.0 = ReleaseUWP|ARM64
		{868B98C8-65A1-494B-8346-250A73A48C0A}.ReleaseUWP|x64.ActiveCfg = ReleaseUWP|x64
		{868B98C8-65A1-494B-8346-250A73A48C0A}.ReleaseUWP|x64.Build.0 = ReleaseUWP|x64
		{868B98C8-65A1-494B-8346-250A73A48C0A}.ReleaseUWP|x86.ActiveCfg = ReleaseUWP|Win32
		{868B98C8-65A1-494B-8346-250A73A48C0A}.ReleaseUWP|x86.Build.0 = ReleaseUWP|Win32
		{ED601289-AC1A-46B8-A8ED-17DB9EB73423}.Debug|ARM.ActiveCfg = Debug|ARM
		{ED601289-AC1A-46B8-A8ED-17DB9EB73423}.Debug|ARM.Build.0 = Debug|ARM
		{ED601289-AC1A-46B8-A8ED-17DB9EB73423}.Debug|ARM64.ActiveCfg = Debug|ARM64
		{ED601289-AC1A-46B8-A8ED-17DB9EB73423}.Debug|ARM64.Build.0 = Debug|ARM64
		{ED601289-AC1A-46B8-A8ED-17DB9EB73423}.Debug|x64.ActiveCfg = Debug|x64
		{ED601289-AC1A-46B8-A8ED-17DB9EB73423}.Debug|x64.Build.0 = Debug|x64
		{ED601289-AC1A-46B8-A8ED-17DB9EB73423}.Debug|x86.ActiveCfg = Debug|Win32
		{ED601289-AC1A-46B8-A8ED-17DB9EB73423}.Debug|x86.Build.0 = Debug|Win32
		{ED601289-AC1A-46B8-A8ED-17DB9EB73423}.DebugFast|ARM.ActiveCfg = DebugFast|ARM
		{ED601289-AC1A-46B8-A8ED-17DB9EB73423}.DebugFast|ARM.Build.0 = DebugFast|ARM
		{ED601289-AC1A-46B8-A8ED-17DB9EB73423}.DebugFast|ARM64.ActiveCfg = DebugFast|ARM64
		{ED601289-AC1A-46B8-A8ED-17DB9EB73423}.DebugFast|ARM64.Build.0 = DebugFast|ARM64
		{ED601289-AC1A-46B8-A8ED-17DB9EB73423}.DebugFast|x64.ActiveCfg = DebugFast|x64
		{ED601289-AC1A-46B8-A8ED-17DB9EB73423}.DebugFast|x64.Build.0 = DebugFast|x64
		{ED601289-AC1A-46B8-A8ED-17DB9EB73423}.DebugFast|x86.ActiveCfg = DebugFast|Win32
		{ED601289-AC1A-46B8-A8ED-17DB9EB73423}.DebugFast|x86.Build.0 = DebugFast|Win32
		{ED601289-AC1A-46B8-A8ED-17DB9EB73423}.DebugUWP|ARM.ActiveCfg = DebugUWP|ARM
		{ED601289-AC1A-46B8-A8ED-17DB9EB73423}.DebugUWP|ARM.Build.0 = DebugUWP|ARM
		{ED601289-AC1A-46B8-A8ED-17DB9EB73423}.DebugUWP|ARM64.ActiveCfg = DebugUWP|ARM64
		{ED601289-AC1A-46B8-A8ED-17DB9EB73423}.DebugUWP|ARM64.Build.0 = DebugUWP|ARM64
		{ED601289-AC1A-46B8-A8ED-17DB9EB73423}.DebugUWP|x64.ActiveCfg = DebugUWP|x64
		{ED601289-AC1A-46B8-A8ED-17DB9EB73423}.DebugUWP|x64.Build.0 = DebugUWP|x64
		{ED601289-AC1A-46B8-A8ED-17DB9EB73423}.DebugUWP|x86.ActiveCfg = DebugUWP|Win32
		{ED601289-AC1A-46B8-A8ED-17DB9EB73423}.DebugUWP|x86.Build.0 = DebugUWP|Win32
		{ED601289-AC1A-46B8-A8ED-17DB9EB73423}.Release|ARM.ActiveCfg = Release|ARM
		{ED601289-AC1A-46B8-A8ED-17DB9EB73423}.Release|ARM.Build.0 = Release|ARM
		{ED601289-AC1A-46B8-A8ED-17DB9EB73423}.Release|ARM64.ActiveCfg = Release|ARM64
		{ED601289-AC1A-46B8-A8ED-17DB9EB73423}.Release|ARM64.Build.0 = Release|ARM64
		{ED601289-AC1A-46B8-A8ED-17DB9EB73423}.Release|x64.ActiveCfg = Release|x64
		{ED601289-AC1A-46B8-A8ED-17DB9EB73423}.Release|x64.Build.0 = Release|x64
		{ED601289-AC1A-46B8-A8ED-17DB9EB73423}.Release|x86.ActiveCfg = Release|Win32
		{ED601289-AC1A-46B8-A8ED-17DB9EB73423}.Release|x86.Build.0 = Release|Win32
		{ED601289-AC1A-46B8-A8ED-17DB9EB73423}.ReleaseLTCG|ARM.ActiveCfg = ReleaseLTCG|ARM
		{ED601289-AC1A-46B8-A8ED-17DB9EB73423}.ReleaseLTCG|ARM.Build.0 = ReleaseLTCG|ARM
		{ED601289-AC1A-46B8-A8ED-17DB9EB73423}.ReleaseLTCG|ARM64.ActiveCfg = ReleaseLTCG|ARM64
		{ED601289-AC1A-46B8-A8ED-17DB9EB73423}.ReleaseLTCG|ARM64.Build.0 = ReleaseLTCG|ARM64
		{ED601289-AC1A-46B8-A8ED-17DB9EB73423}.ReleaseLTCG|x64.ActiveCfg = ReleaseLTCG|x64
		{ED601289-AC1A-46B8-A8ED-17DB9EB73423}.ReleaseLTCG|x64.Build.0 = ReleaseLTCG|x64
		{ED601289-AC1A-46B8-A8ED-17DB9EB73423}.ReleaseLTCG|x86.ActiveCfg = ReleaseLTCG|Win32
		{ED601289-AC1A-46B8-A8ED-17DB9EB73423}.ReleaseLTCG|x86.Build.0 = ReleaseLTCG|Win32
		{ED601289-AC1A-46B8-A8ED-17DB9EB73423}.ReleaseUWP|ARM.ActiveCfg = ReleaseUWP|ARM
		{ED601289-AC1A-46B8-A8ED-17DB9EB73423}.ReleaseUWP|ARM.Build.0 = ReleaseUWP|ARM
		{ED601289-AC1A-46B8-A8ED-17DB9EB73423}.ReleaseUWP|ARM64.ActiveCfg = ReleaseUWP|ARM64
		{ED601289-AC1A-46B8-A8ED-17DB9EB73423}.ReleaseUWP|ARM64.Build.0 = ReleaseUWP|ARM64
		{ED601289-AC1A-46B8-A8ED-17DB9EB73423}.ReleaseUWP|x64.ActiveCfg = ReleaseUWP|x64
		{ED601289-AC1A-46B8-A8ED-17DB9EB73423}.ReleaseUWP|x64.Build.0 = ReleaseUWP|x64
		{ED601289-AC1A-46B8-A8ED-17DB9EB73423}.ReleaseUWP|x86.ActiveCfg = ReleaseUWP|Win32
		{ED601289-AC1A-46B8-A8ED-17DB9EB73423}.ReleaseUWP|x86.Build.0 = ReleaseUWP|Win32
		{3773F4CC-614E-4028-8595-22E08CA649E3}.Debug|ARM.ActiveCfg = Debug|ARM
		{3773F4CC-614E-4028-8595-22E08CA649E3}.Debug|ARM.Build.0 = Debug|ARM
		{3773F4CC-614E-4028-8595-22E08CA649E3}.Debug|ARM64.ActiveCfg = Debug|ARM64
		{3773F4CC-614E-4028-8595-22E08CA649E3}.Debug|ARM64.Build.0 = Debug|ARM64
		{3773F4CC-614E-4028-8595-22E08CA649E3}.Debug|x64.ActiveCfg = Debug|x64
		{3773F4CC-614E-4028-8595-22E08CA649E3}.Debug|x64.Build.0 = Debug|x64
		{3773F4CC-614E-4028-8595-22E08CA649E3}.Debug|x86.ActiveCfg = Debug|Win32
		{3773F4CC-614E-4028-8595-22E08CA649E3}.Debug|x86.Build.0 = Debug|Win32
		{3773F4CC-614E-4028-8595-22E08CA649E3}.DebugFast|ARM.ActiveCfg = DebugFast|ARM
		{3773F4CC-614E-4028-8595-22E08CA649E3}.DebugFast|ARM.Build.0 = DebugFast|ARM
		{3773F4CC-614E-4028-8595-22E08CA649E3}.DebugFast|ARM64.ActiveCfg = DebugFast|ARM64
		{3773F4CC-614E-4028-8595-22E08CA649E3}.DebugFast|ARM64.Build.0 = DebugFast|ARM64
		{3773F4CC-614E-4028-8595-22E08CA649E3}.DebugFast|x64.ActiveCfg = DebugFast|x64
		{3773F4CC-614E-4028-8595-22E08CA649E3}.DebugFast|x64.Build.0 = DebugFast|x64
		{3773F4CC-614E-4028-8595-22E08CA649E3}.DebugFast|x86.ActiveCfg = DebugFast|Win32
		{3773F4CC-614E-4028-8595-22E08CA649E3}.DebugFast|x86.Build.0 = DebugFast|Win32
		{3773F4CC-614E-4028-8595-22E08CA649E3}.DebugUWP|ARM.ActiveCfg = DebugUWP|ARM
		{3773F4CC-614E-4028-8595-22E08CA649E3}.DebugUWP|ARM.Build.0 = DebugUWP|ARM
		{3773F4CC-614E-4028-8595-22E08CA649E3}.DebugUWP|ARM64.ActiveCfg = DebugUWP|ARM64
		{3773F4CC-614E-4028-8595-22E08CA649E3}.DebugUWP|ARM64.Build.0 = DebugUWP|ARM64
		{3773F4CC-614E-4028-8595-22E08CA649E3}.DebugUWP|x64.ActiveCfg = DebugUWP|x64
		{3773F4CC-614E-4028-8595-22E08CA649E3}.DebugUWP|x64.Build.0 = DebugUWP|x64
		{3773F4CC-614E-4028-8595-22E08CA649E3}.DebugUWP|x86.ActiveCfg = DebugUWP|Win32
		{3773F4CC-614E-4028-8595-22E08CA649E3}.DebugUWP|x86.Build.0 = DebugUWP|Win32
		{3773F4CC-614E-4028-8595-22E08CA649E3}.Release|ARM.ActiveCfg = Release|ARM
		{3773F4CC-614E-4028-8595-22E08CA649E3}.Release|ARM.Build.0 = Release|ARM
		{3773F4CC-614E-4028-8595-22E08CA649E3}.Release|ARM64.ActiveCfg = Release|ARM64
		{3773F4CC-614E-4028-8595-22E08CA649E3}.Release|ARM64.Build.0 = Release|ARM64
		{3773F4CC-614E-4028-8595-22E08CA649E3}.Release|x64.ActiveCfg = Release|x64
		{3773F4CC-614E-4028-8595-22E08CA649E3}.Release|x64.Build.0 = Release|x64
		{3773F4CC-614E-4028-8595-22E08CA649E3}.Release|x86.ActiveCfg = Release|Win32
		{3773F4CC-614E-4028-8595-22E08CA649E3}.Release|x86.Build.0 = Release|Win32
		{3773F4CC-614E-4028-8595-22E08CA649E3}.ReleaseLTCG|ARM.ActiveCfg = ReleaseLTCG|ARM
		{3773F4CC-614E-4028-8595-22E08CA649E3}.ReleaseLTCG|ARM.Build.0 = ReleaseLTCG|ARM
		{3773F4CC-614E-4028-8595-22E08CA649E3}.ReleaseLTCG|ARM64.ActiveCfg = ReleaseLTCG|ARM64
		{3773F4CC-614E-4028-8595-22E08CA649E3}.ReleaseLTCG|ARM64.Build.0 = ReleaseLTCG|ARM64
		{3773F4CC-614E-4028-8595-22E08CA649E3}.ReleaseLTCG|x64.ActiveCfg = ReleaseLTCG|x64
		{3773F4CC-614E-4028-8595-22E08CA649E3}.ReleaseLTCG|x64.Build.0 = ReleaseLTCG|x64
		{3773F4CC-614E-4028-8595-22E08CA649E3}.ReleaseLTCG|x86.ActiveCfg = ReleaseLTCG|Win32
		{3773F4CC-614E-4028-8595-22E08CA649E3}.ReleaseLTCG|x86.Build.0 = ReleaseLTCG|Win32
		{3773F4CC-614E-4028-8595-22E08CA649E3}.ReleaseUWP|ARM.ActiveCfg = ReleaseUWP|ARM
		{3773F4CC-614E-4028-8595-22E08CA649E3}.ReleaseUWP|ARM.Build.0 = ReleaseUWP|ARM
		{3773F4CC-614E-4028-8595-22E08CA649E3}.ReleaseUWP|ARM64.ActiveCfg = ReleaseUWP|ARM64
		{3773F4CC-614E-4028-8595-22E08CA649E3}.ReleaseUWP|ARM64.Build.0 = ReleaseUWP|ARM64
		{3773F4CC-614E-4028-8595-22E08CA649E3}.ReleaseUWP|x64.ActiveCfg = ReleaseUWP|x64
		{3773F4CC-614E-4028-8595-22E08CA649E3}.ReleaseUWP|x64.Build.0 = ReleaseUWP|x64
		{3773F4CC-614E-4028-8595-22E08CA649E3}.ReleaseUWP|x86.ActiveCfg = ReleaseUWP|Win32
		{3773F4CC-614E-4028-8595-22E08CA649E3}.ReleaseUWP|x86.Build.0 = ReleaseUWP|Win32
		{933118A9-68C5-47B4-B151-B03C93961623}.Debug|ARM.ActiveCfg = Debug|ARM
		{933118A9-68C5-47B4-B151-B03C93961623}.Debug|ARM.Build.0 = Debug|ARM
		{933118A9-68C5-47B4-B151-B03C93961623}.Debug|ARM64.ActiveCfg = Debug|ARM64
		{933118A9-68C5-47B4-B151-B03C93961623}.Debug|ARM64.Build.0 = Debug|ARM64
		{933118A9-68C5-47B4-B151-B03C93961623}.Debug|x64.ActiveCfg = Debug|x64
		{933118A9-68C5-47B4-B151-B03C93961623}.Debug|x64.Build.0 = Debug|x64
		{933118A9-68C5-47B4-B151-B03C93961623}.Debug|x86.ActiveCfg = Debug|Win32
		{933118A9-68C5-47B4-B151-B03C93961623}.Debug|x86.Build.0 = Debug|Win32
		{933118A9-68C5-47B4-B151-B03C93961623}.DebugFast|ARM.ActiveCfg = DebugFast|ARM
		{933118A9-68C5-47B4-B151-B03C93961623}.DebugFast|ARM.Build.0 = DebugFast|ARM
		{933118A9-68C5-47B4-B151-B03C93961623}.DebugFast|ARM64.ActiveCfg = DebugFast|ARM64
		{933118A9-68C5-47B4-B151-B03C93961623}.DebugFast|ARM64.Build.0 = DebugFast|ARM64
		{933118A9-68C5-47B4-B151-B03C93961623}.DebugFast|x64.ActiveCfg = DebugFast|x64
		{933118A9-68C5-47B4-B151-B03C93961623}.DebugFast|x64.Build.0 = DebugFast|x64
		{933118A9-68C5-47B4-B151-B03C93961623}.DebugFast|x86.ActiveCfg = DebugFast|Win32
		{933118A9-68C5-47B4-B151-B03C93961623}.DebugFast|x86.Build.0 = DebugFast|Win32
		{933118A9-68C5-47B4-B151-B03C93961623}.DebugUWP|ARM.ActiveCfg = DebugUWP|ARM
		{933118A9-68C5-47B4-B151-B03C93961623}.DebugUWP|ARM.Build.0 = DebugUWP|ARM
		{933118A9-68C5-47B4-B151-B03C93961623}.DebugUWP|ARM64.ActiveCfg = DebugUWP|ARM64
		{933118A9-68C5-47B4-B151-B03C93961623}.DebugUWP|ARM64.Build.0 = DebugUWP|ARM64
		{933118A9-68C5-47B4-B151-B03C93961623}.DebugUWP|x64.ActiveCfg = DebugUWP|x64
		{933118A9-68C5-47B4-B151-B03C93961623}.DebugUWP|x64.Build.0 = DebugUWP|x64
		{933118A9-68C5-47B4-B151-B03C93961623}.DebugUWP|x86.ActiveCfg = DebugUWP|Win32
		{933118A9-68C5-47B4-B151-B03C93961623}.DebugUWP|x86.Build.0 = DebugUWP|Win32
		{933118A9-68C5-47B4-B151-B03C93961623}.Release|ARM.ActiveCfg = Release|ARM
		{933118A9-68C5-47B4-B151-B03C93961623}.Release|ARM.Build.0 = Release|ARM
		{933118A9-68C5-47B4-B151-B03C93961623}.Release|ARM64.ActiveCfg = Release|ARM64
		{933118A9-68C5-47B4-B151-B03C93961623}.Release|ARM64.Build.0 = Release|ARM64
		{933118A9-68C5-47B4-B151-B03C93961623}.Release|x64.ActiveCfg = Release|x64
		{933118A9-68C5-47B4-B151-B03C93961623}.Release|x64.Build.0 = Release|x64
		{933118A9-68C5-47B4-B151-B03C93961623}.Release|x86.ActiveCfg = Release|Win32
		{933118A9-68C5-47B4-B151-B03C93961623}.Release|x86.Build.0 = Release|Win32
		{933118A9-68C5-47B4-B151-B03C93961623}.ReleaseLTCG|ARM.ActiveCfg = ReleaseLTCG|ARM
		{933118A9-68C5-47B4-B151-B03C93961623}.ReleaseLTCG|ARM.Build.0 = ReleaseLTCG|ARM
		{933118A9-68C5-47B4-B151-B03C93961623}.ReleaseLTCG|ARM64.ActiveCfg = ReleaseLTCG|ARM64
		{933118A9-68C5-47B4-B151-B03C93961623}.ReleaseLTCG|ARM64.Build.0 = ReleaseLTCG|ARM64
		{933118A9-68C5-47B4-B151-B03C93961623}.ReleaseLTCG|x64.ActiveCfg = ReleaseLTCG|x64
		{933118A9-68C5-47B4-B151-B03C93961623}.ReleaseLTCG|x64.Build.0 = ReleaseLTCG|x64
		{933118A9-68C5-47B4-B151-B03C93961623}.ReleaseLTCG|x86.ActiveCfg = ReleaseLTCG|Win32
		{933118A9-68C5-47B4-B151-B03C93961623}.ReleaseLTCG|x86.Build.0 = ReleaseLTCG|Win32
		{933118A9-68C5-47B4-B151-B03C93961623}.ReleaseUWP|ARM.ActiveCfg = ReleaseUWP|ARM
		{933118A9-68C5-47B4-B151-B03C93961623}.ReleaseUWP|ARM.Build.0 = ReleaseUWP|ARM
		{933118A9-68C5-47B4-B151-B03C93961623}.ReleaseUWP|ARM64.ActiveCfg = ReleaseUWP|ARM64
		{933118A9-68C5-47B4-B151-B03C93961623}.ReleaseUWP|ARM64.Build.0 = ReleaseUWP|ARM64
		{933118A9-68C5-47B4-B151-B03C93961623}.ReleaseUWP|x64.ActiveCfg = ReleaseUWP|x64
		{933118A9-68C5-47B4-B151-B03C93961623}.ReleaseUWP|x64.Build.0 = ReleaseUWP|x64
		{933118A9-68C5-47B4-B151-B03C93961623}.ReleaseUWP|x86.ActiveCfg = ReleaseUWP|Win32
		{933118A9-68C5-47B4-B151-B03C93961623}.ReleaseUWP|x86.Build.0 = ReleaseUWP|Win32
		{8BDA439C-6358-45FB-9994-2FF083BABE06}.Debug|ARM.ActiveCfg = Debug|ARM
		{8BDA439C-6358-45FB-9994-2FF083BABE06}.Debug|ARM.Build.0 = Debug|ARM
		{8BDA439C-6358-45FB-9994-2FF083BABE06}.Debug|ARM64.ActiveCfg = Debug|ARM64
		{8BDA439C-6358-45FB-9994-2FF083BABE06}.Debug|ARM64.Build.0 = Debug|ARM64
		{8BDA439C-6358-45FB-9994-2FF083BABE06}.Debug|x64.ActiveCfg = Debug|x64
		{8BDA439C-6358-45FB-9994-2FF083BABE06}.Debug|x64.Build.0 = Debug|x64
		{8BDA439C-6358-45FB-9994-2FF083BABE06}.Debug|x86.ActiveCfg = Debug|Win32
		{8BDA439C-6358-45FB-9994-2FF083BABE06}.Debug|x86.Build.0 = Debug|Win32
		{8BDA439C-6358-45FB-9994-2FF083BABE06}.DebugFast|ARM.ActiveCfg = DebugFast|ARM
		{8BDA439C-6358-45FB-9994-2FF083BABE06}.DebugFast|ARM.Build.0 = DebugFast|ARM
		{8BDA439C-6358-45FB-9994-2FF083BABE06}.DebugFast|ARM64.ActiveCfg = DebugFast|ARM64
		{8BDA439C-6358-45FB-9994-2FF083BABE06}.DebugFast|ARM64.Build.0 = DebugFast|ARM64
		{8BDA439C-6358-45FB-9994-2FF083BABE06}.DebugFast|x64.ActiveCfg = DebugFast|x64
		{8BDA439C-6358-45FB-9994-2FF083BABE06}.DebugFast|x64.Build.0 = DebugFast|x64
		{8BDA439C-6358-45FB-9994-2FF083BABE06}.DebugFast|x86.ActiveCfg = DebugFast|Win32
		{8BDA439C-6358-45FB-9994-2FF083BABE06}.DebugFast|x86.Build.0 = DebugFast|Win32
		{8BDA439C-6358-45FB-9994-2FF083BABE06}.DebugUWP|ARM.ActiveCfg = DebugUWP|ARM
		{8BDA439C-6358-45FB-9994-2FF083BABE06}.DebugUWP|ARM.Build.0 = DebugUWP|ARM
		{8BDA439C-6358-45FB-9994-2FF083BABE06}.DebugUWP|ARM64.ActiveCfg = DebugUWP|ARM64
		{8BDA439C-6358-45FB-9994-2FF083BABE06}.DebugUWP|ARM64.Build.0 = DebugUWP|ARM64
		{8BDA439C-6358-45FB-9994-2FF083BABE06}.DebugUWP|x64.ActiveCfg = DebugUWP|x64
		{8BDA439C-6358-45FB-9994-2FF083BABE06}.DebugUWP|x64.Build.0 = DebugUWP|x64
		{8BDA439C-6358-45FB-9994-2FF083BABE06}.DebugUWP|x86.ActiveCfg = DebugUWP|Win32
		{8BDA439C-6358-45FB-9994-2FF083BABE06}.DebugUWP|x86.Build.0 = DebugUWP|Win32
		{8BDA439C-6358-45FB-9994-2FF083BABE06}.Release|ARM.ActiveCfg = Release|ARM
		{8BDA439C-6358-45FB-9994-2FF083BABE06}.Release|ARM.Build.0 = Release|ARM
		{8BDA439C-6358-45FB-9994-2FF083BABE06}.Release|ARM64.ActiveCfg = Release|ARM64
		{8BDA439C-6358-45FB-9994-2FF083BABE06}.Release|ARM64.Build.0 = Release|ARM64
		{8BDA439C-6358-45FB-9994-2FF083BABE06}.Release|x64.ActiveCfg = Release|x64
		{8BDA439C-6358-45FB-9994-2FF083BABE06}.Release|x64.Build.0 = Release|x64
		{8BDA439C-6358-45FB-9994-2FF083BABE06}.Release|x86.ActiveCfg = Release|Win32
		{8BDA439C-6358-45FB-9994-2FF083BABE06}.Release|x86.Build.0 = Release|Win32
		{8BDA439C-6358-45FB-9994-2FF083BABE06}.ReleaseLTCG|ARM.ActiveCfg = ReleaseLTCG|ARM
		{8BDA439C-6358-45FB-9994-2FF083BABE06}.ReleaseLTCG|ARM.Build.0 = ReleaseLTCG|ARM
		{8BDA439C-6358-45FB-9994-2FF083BABE06}.ReleaseLTCG|ARM64.ActiveCfg = ReleaseLTCG|ARM64
		{8BDA439C-6358-45FB-9994-2FF083BABE06}.ReleaseLTCG|ARM64.Build.0 = ReleaseLTCG|ARM64
		{8BDA439C-6358-45FB-9994-2FF083BABE06}.ReleaseLTCG|x64.ActiveCfg = ReleaseLTCG|x64
		{8BDA439C-6358-45FB-9994-2FF083BABE06}.ReleaseLTCG|x64.Build.0 = ReleaseLTCG|x64
		{8BDA439C-6358-45FB-9994-2FF083BABE06}.ReleaseLTCG|x86.ActiveCfg = ReleaseLTCG|Win32
		{8BDA439C-6358-45FB-9994-2FF083BABE06}.ReleaseLTCG|x86.Build.0 = ReleaseLTCG|Win32
		{8BDA439C-6358-45FB-9994-2FF083BABE06}.ReleaseUWP|ARM.ActiveCfg = ReleaseUWP|ARM
		{8BDA439C-6358-45FB-9994-2FF083BABE06}.ReleaseUWP|ARM.Build.0 = ReleaseUWP|ARM
		{8BDA439C-6358-45FB-9994-2FF083BABE06}.ReleaseUWP|ARM64.ActiveCfg = ReleaseUWP|ARM64
		{8BDA439C-6358-45FB-9994-2FF083BABE06}.ReleaseUWP|ARM64.Build.0 = ReleaseUWP|ARM64
		{8BDA439C-6358-45FB-9994-2FF083BABE06}.ReleaseUWP|x64.ActiveCfg = ReleaseUWP|x64
		{8BDA439C-6358-45FB-9994-2FF083BABE06}.ReleaseUWP|x64.Build.0 = ReleaseUWP|x64
		{8BDA439C-6358-45FB-9994-2FF083BABE06}.ReleaseUWP|x86.ActiveCfg = ReleaseUWP|Win32
		{8BDA439C-6358-45FB-9994-2FF083BABE06}.ReleaseUWP|x86.Build.0 = ReleaseUWP|Win32
		{7FF9FDB9-D504-47DB-A16A-B08071999620}.Debug|ARM.ActiveCfg = Debug|ARM
		{7FF9FDB9-D504-47DB-A16A-B08071999620}.Debug|ARM.Build.0 = Debug|ARM
		{7FF9FDB9-D504-47DB-A16A-B08071999620}.Debug|ARM64.ActiveCfg = Debug|ARM64
		{7FF9FDB9-D504-47DB-A16A-B08071999620}.Debug|ARM64.Build.0 = Debug|ARM64
		{7FF9FDB9-D504-47DB-A16A-B08071999620}.Debug|x64.ActiveCfg = Debug|x64
		{7FF9FDB9-D504-47DB-A16A-B08071999620}.Debug|x64.Build.0 = Debug|x64
		{7FF9FDB9-D504-47DB-A16A-B08071999620}.Debug|x86.ActiveCfg = Debug|Win32
		{7FF9FDB9-D504-47DB-A16A-B08071999620}.Debug|x86.Build.0 = Debug|Win32
		{7FF9FDB9-D504-47DB-A16A-B08071999620}.DebugFast|ARM.ActiveCfg = DebugFast|ARM
		{7FF9FDB9-D504-47DB-A16A-B08071999620}.DebugFast|ARM.Build.0 = DebugFast|ARM
		{7FF9FDB9-D504-47DB-A16A-B08071999620}.DebugFast|ARM64.ActiveCfg = DebugFast|ARM64
		{7FF9FDB9-D504-47DB-A16A-B08071999620}.DebugFast|ARM64.Build.0 = DebugFast|ARM64
		{7FF9FDB9-D504-47DB-A16A-B08071999620}.DebugFast|x64.ActiveCfg = DebugFast|x64
		{7FF9FDB9-D504-47DB-A16A-B08071999620}.DebugFast|x64.Build.0 = DebugFast|x64
		{7FF9FDB9-D504-47DB-A16A-B08071999620}.DebugFast|x86.ActiveCfg = DebugFast|Win32
		{7FF9FDB9-D504-47DB-A16A-B08071999620}.DebugFast|x86.Build.0 = DebugFast|Win32
		{7FF9FDB9-D504-47DB-A16A-B08071999620}.DebugUWP|ARM.ActiveCfg = DebugUWP|ARM
		{7FF9FDB9-D504-47DB-A16A-B08071999620}.DebugUWP|ARM.Build.0 = DebugUWP|ARM
		{7FF9FDB9-D504-47DB-A16A-B08071999620}.DebugUWP|ARM64.ActiveCfg = DebugUWP|ARM64
		{7FF9FDB9-D504-47DB-A16A-B08071999620}.DebugUWP|ARM64.Build.0 = DebugUWP|ARM64
		{7FF9FDB9-D504-47DB-A16A-B08071999620}.DebugUWP|x64.ActiveCfg = DebugUWP|x64
		{7FF9FDB9-D504-47DB-A16A-B08071999620}.DebugUWP|x64.Build.0 = DebugUWP|x64
		{7FF9FDB9-D504-47DB-A16A-B08071999620}.DebugUWP|x86.ActiveCfg = DebugUWP|Win32
		{7FF9FDB9-D504-47DB-A16A-B08071999620}.DebugUWP|x86.Build.0 = DebugUWP|Win32
		{7FF9FDB9-D504-47DB-A16A-B08071999620}.Release|ARM.ActiveCfg = Release|ARM
		{7FF9FDB9-D504-47DB-A16A-B08071999620}.Release|ARM.Build.0 = Release|ARM
		{7FF9FDB9-D504-47DB-A16A-B08071999620}.Release|ARM64.ActiveCfg = Release|ARM64
		{7FF9FDB9-D504-47DB-A16A-B08071999620}.Release|ARM64.Build.0 = Release|ARM64
		{7FF9FDB9-D504-47DB-A16A-B08071999620}.Release|x64.ActiveCfg = Release|x64
		{7FF9FDB9-D504-47DB-A16A-B08071999620}.Release|x64.Build.0 = Release|x64
		{7FF9FDB9-D504-47DB-A16A-B08071999620}.Release|x86.ActiveCfg = Release|Win32
		{7FF9FDB9-D504-47DB-A16A-B08071999620}.Release|x86.Build.0 = Release|Win32
		{7FF9FDB9-D504-47DB-A16A-B08071999620}.ReleaseLTCG|ARM.ActiveCfg = ReleaseLTCG|ARM
		{7FF9FDB9-D504-47DB-A16A-B08071999620}.ReleaseLTCG|ARM.Build.0 = ReleaseLTCG|ARM
		{7FF9FDB9-D504-47DB-A16A-B08071999620}.ReleaseLTCG|ARM64.ActiveCfg = ReleaseLTCG|ARM64
		{7FF9FDB9-D504-47DB-A16A-B08071999620}.ReleaseLTCG|ARM64.Build.0 = ReleaseLTCG|ARM64
		{7FF9FDB9-D504-47DB-A16A-B08071999620}.ReleaseLTCG|x64.ActiveCfg = ReleaseLTCG|x64
		{7FF9FDB9-D504-47DB-A16A-B08071999620}.ReleaseLTCG|x64.Build.0 = ReleaseLTCG|x64
		{7FF9FDB9-D504-47DB-A16A-B08071999620}.ReleaseLTCG|x86.ActiveCfg = ReleaseLTCG|Win32
		{7FF9FDB9-D504-47DB-A16A-B08071999620}.ReleaseLTCG|x86.Build.0 = ReleaseLTCG|Win32
		{7FF9FDB9-D504-47DB-A16A-B08071999620}.ReleaseUWP|ARM.ActiveCfg = ReleaseUWP|ARM
		{7FF9FDB9-D504-47DB-A16A-B08071999620}.ReleaseUWP|ARM.Build.0 = ReleaseUWP|ARM
		{7FF9FDB9-D504-47DB-A16A-B08071999620}.ReleaseUWP|ARM64.ActiveCfg = ReleaseUWP|ARM64
		{7FF9FDB9-D504-47DB-A16A-B08071999620}.ReleaseUWP|ARM64.Build.0 = ReleaseUWP|ARM64
		{7FF9FDB9-D504-47DB-A16A-B08071999620}.ReleaseUWP|x64.ActiveCfg = ReleaseUWP|x64
		{7FF9FDB9-D504-47DB-A16A-B08071999620}.ReleaseUWP|x64.Build.0 = ReleaseUWP|x64
		{7FF9FDB9-D504-47DB-A16A-B08071999620}.ReleaseUWP|x86.ActiveCfg = ReleaseUWP|Win32
		{7FF9FDB9-D504-47DB-A16A-B08071999620}.ReleaseUWP|x86.Build.0 = ReleaseUWP|Win32
		{425D6C99-D1C8-43C2-B8AC-4D7B1D941017}.Debug|ARM.ActiveCfg = Debug|ARM
		{425D6C99-D1C8-43C2-B8AC-4D7B1D941017}.Debug|ARM.Build.0 = Debug|ARM
		{425D6C99-D1C8-43C2-B8AC-4D7B1D941017}.Debug|ARM64.ActiveCfg = Debug|ARM64
		{425D6C99-D1C8-43C2-B8AC-4D7B1D941017}.Debug|ARM64.Build.0 = Debug|ARM64
		{425D6C99-D1C8-43C2-B8AC-4D7B1D941017}.Debug|x64.ActiveCfg = Debug|x64
		{425D6C99-D1C8-43C2-B8AC-4D7B1D941017}.Debug|x64.Build.0 = Debug|x64
		{425D6C99-D1C8-43C2-B8AC-4D7B1D941017}.Debug|x86.ActiveCfg = Debug|Win32
		{425D6C99-D1C8-43C2-B8AC-4D7B1D941017}.Debug|x86.Build.0 = Debug|Win32
		{425D6C99-D1C8-43C2-B8AC-4D7B1D941017}.DebugFast|ARM.ActiveCfg = DebugFast|ARM
		{425D6C99-D1C8-43C2-B8AC-4D7B1D941017}.DebugFast|ARM.Build.0 = DebugFast|ARM
		{425D6C99-D1C8-43C2-B8AC-4D7B1D941017}.DebugFast|ARM64.ActiveCfg = DebugFast|ARM64
		{425D6C99-D1C8-43C2-B8AC-4D7B1D941017}.DebugFast|ARM64.Build.0 = DebugFast|ARM64
		{425D6C99-D1C8-43C2-B8AC-4D7B1D941017}.DebugFast|x64.ActiveCfg = DebugFast|x64
		{425D6C99-D1C8-43C2-B8AC-4D7B1D941017}.DebugFast|x64.Build.0 = DebugFast|x64
		{425D6C99-D1C8-43C2-B8AC-4D7B1D941017}.DebugFast|x86.ActiveCfg = DebugFast|Win32
		{425D6C99-D1C8-43C2-B8AC-4D7B1D941017}.DebugFast|x86.Build.0 = DebugFast|Win32
		{425D6C99-D1C8-43C2-B8AC-4D7B1D941017}.DebugUWP|ARM.ActiveCfg = DebugUWP|ARM
		{425D6C99-D1C8-43C2-B8AC-4D7B1D941017}.DebugUWP|ARM.Build.0 = DebugUWP|ARM
		{425D6C99-D1C8-43C2-B8AC-4D7B1D941017}.DebugUWP|ARM64.ActiveCfg = DebugUWP|ARM64
		{425D6C99-D1C8-43C2-B8AC-4D7B1D941017}.DebugUWP|ARM64.Build.0 = DebugUWP|ARM64
		{425D6C99-D1C8-43C2-B8AC-4D7B1D941017}.DebugUWP|x64.ActiveCfg = DebugUWP|x64
		{425D6C99-D1C8-43C2-B8AC-4D7B1D941017}.DebugUWP|x64.Build.0 = DebugUWP|x64
		{425D6C99-D1C8-43C2-B8AC-4D7B1D941017}.DebugUWP|x86.ActiveCfg = DebugUWP|Win32
		{425D6C99-D1C8-43C2-B8AC-4D7B1D941017}.DebugUWP|x86.Build.0 = DebugUWP|Win32
		{425D6C99-D1C8-43C2-B8AC-4D7B1D941017}.Release|ARM.ActiveCfg = Release|ARM
		{425D6C99-D1C8-43C2-B8AC-4D7B1D941017}.Release|ARM.Build.0 = Release|ARM
		{425D6C99-D1C8-43C2-B8AC-4D7B1D941017}.Release|ARM64.ActiveCfg = Release|ARM64
		{425D6C99-D1C8-43C2-B8AC-4D7B1D941017}.Release|ARM64.Build.0 = Release|ARM64
		{425D6C99-D1C8-43C2-B8AC-4D7B1D941017}.Release|x64.ActiveCfg = Release|x64
		{425D6C99-D1C8-43C2-B8AC-4D7B1D941017}.Release|x64.Build.0 = Release|x64
		{425D6C99-D1C8-43C2-B8AC-4D7B1D941017}.Release|x86.ActiveCfg = Release|Win32
		{425D6C99-D1C8-43C2-B8AC-4D7B1D941017}.Release|x86.Build.0 = Release|Win32
		{425D6C99-D1C8-43C2-B8AC-4D7B1D941017}.ReleaseLTCG|ARM.ActiveCfg = ReleaseLTCG|ARM
		{425D6C99-D1C8-43C2-B8AC-4D7B1D941017}.ReleaseLTCG|ARM.Build.0 = ReleaseLTCG|ARM
		{425D6C99-D1C8-43C2-B8AC-4D7B1D941017}.ReleaseLTCG|ARM64.ActiveCfg = ReleaseLTCG|ARM64
		{425D6C99-D1C8-43C2-B8AC-4D7B1D941017}.ReleaseLTCG|ARM64.Build.0 = ReleaseLTCG|ARM64
		{425D6C99-D1C8-43C2-B8AC-4D7B1D941017}.ReleaseLTCG|x64.ActiveCfg = ReleaseLTCG|x64
		{425D6C99-D1C8-43C2-B8AC-4D7B1D941017}.ReleaseLTCG|x64.Build.0 = ReleaseLTCG|x64
		{425D6C99-D1C8-43C2-B8AC-4D7B1D941017}.ReleaseLTCG|x86.ActiveCfg = ReleaseLTCG|Win32
		{425D6C99-D1C8-43C2-B8AC-4D7B1D941017}.ReleaseLTCG|x86.Build.0 = ReleaseLTCG|Win32
		{425D6C99-D1C8-43C2-B8AC-4D7B1D941017}.ReleaseUWP|ARM.ActiveCfg = ReleaseUWP|ARM
		{425D6C99-D1C8-43C2-B8AC-4D7B1D941017}.ReleaseUWP|ARM.Build.0 = ReleaseUWP|ARM
		{425D6C99-D1C8-43C2-B8AC-4D7B1D941017}.ReleaseUWP|ARM64.ActiveCfg = ReleaseUWP|ARM64
		{425D6C99-D1C8-43C2-B8AC-4D7B1D941017}.ReleaseUWP|ARM64.Build.0 = ReleaseUWP|ARM64
		{425D6C99-D1C8-43C2-B8AC-4D7B1D941017}.ReleaseUWP|x64.ActiveCfg = ReleaseUWP|x64
		{425D6C99-D1C8-43C2-B8AC-4D7B1D941017}.ReleaseUWP|x64.Build.0 = ReleaseUWP|x64
		{425D6C99-D1C8-43C2-B8AC-4D7B1D941017}.ReleaseUWP|x86.ActiveCfg = ReleaseUWP|Win32
		{425D6C99-D1C8-43C2-B8AC-4D7B1D941017}.ReleaseUWP|x86.Build.0 = ReleaseUWP|Win32
		{DD944834-7899-4C1C-A4C1-064B5009D239}.Debug|ARM.ActiveCfg = Debug|ARM
		{DD944834-7899-4C1C-A4C1-064B5009D239}.Debug|ARM.Build.0 = Debug|ARM
		{DD944834-7899-4C1C-A4C1-064B5009D239}.Debug|ARM64.ActiveCfg = Debug|ARM64
		{DD944834-7899-4C1C-A4C1-064B5009D239}.Debug|ARM64.Build.0 = Debug|ARM64
		{DD944834-7899-4C1C-A4C1-064B5009D239}.Debug|x64.ActiveCfg = Debug|x64
		{DD944834-7899-4C1C-A4C1-064B5009D239}.Debug|x64.Build.0 = Debug|x64
		{DD944834-7899-4C1C-A4C1-064B5009D239}.Debug|x86.ActiveCfg = Debug|Win32
		{DD944834-7899-4C1C-A4C1-064B5009D239}.Debug|x86.Build.0 = Debug|Win32
		{DD944834-7899-4C1C-A4C1-064B5009D239}.DebugFast|ARM.ActiveCfg = DebugFast|ARM
		{DD944834-7899-4C1C-A4C1-064B5009D239}.DebugFast|ARM.Build.0 = DebugFast|ARM
		{DD944834-7899-4C1C-A4C1-064B5009D239}.DebugFast|ARM64.ActiveCfg = DebugFast|ARM64
		{DD944834-7899-4C1C-A4C1-064B5009D239}.DebugFast|ARM64.Build.0 = DebugFast|ARM64
		{DD944834-7899-4C1C-A4C1-064B5009D239}.DebugFast|x64.ActiveCfg = DebugFast|x64
		{DD944834-7899-4C1C-A4C1-064B5009D239}.DebugFast|x64.Build.0 = DebugFast|x64
		{DD944834-7899-4C1C-A4C1-064B5009D239}.DebugFast|x86.ActiveCfg = DebugFast|Win32
		{DD944834-7899-4C1C-A4C1-064B5009D239}.DebugFast|x86.Build.0 = DebugFast|Win32
		{DD944834-7899-4C1C-A4C1-064B5009D239}.DebugUWP|ARM.ActiveCfg = DebugUWP|ARM
		{DD944834-7899-4C1C-A4C1-064B5009D239}.DebugUWP|ARM.Build.0 = DebugUWP|ARM
		{DD944834-7899-4C1C-A4C1-064B5009D239}.DebugUWP|ARM64.ActiveCfg = DebugUWP|ARM64
		{DD944834-7899-4C1C-A4C1-064B5009D239}.DebugUWP|ARM64.Build.0 = DebugUWP|ARM64
		{DD944834-7899-4C1C-A4C1-064B5009D239}.DebugUWP|x64.ActiveCfg = DebugUWP|x64
		{DD944834-7899-4C1C-A4C1-064B5009D239}.DebugUWP|x64.Build.0 = DebugUWP|x64
		{DD944834-7899-4C1C-A4C1-064B5009D239}.DebugUWP|x86.ActiveCfg = DebugUWP|Win32
		{DD944834-7899-4C1C-A4C1-064B5009D239}.DebugUWP|x86.Build.0 = DebugUWP|Win32
		{DD944834-7899-4C1C-A4C1-064B5009D239}.Release|ARM.ActiveCfg = Release|ARM
		{DD944834-7899-4C1C-A4C1-064B5009D239}.Release|ARM.Build.0 = Release|ARM
		{DD944834-7899-4C1C-A4C1-064B5009D239}.Release|ARM64.ActiveCfg = Release|ARM64
		{DD944834-7899-4C1C-A4C1-064B5009D239}.Release|ARM64.Build.0 = Release|ARM64
		{DD944834-7899-4C1C-A4C1-064B5009D239}.Release|x64.ActiveCfg = Release|x64
		{DD944834-7899-4C1C-A4C1-064B5009D239}.Release|x64.Build.0 = Release|x64
		{DD944834-7899-4C1C-A4C1-064B5009D239}.Release|x86.ActiveCfg = Release|Win32
		{DD944834-7899-4C1C-A4C1-064B5009D239}.Release|x86.Build.0 = Release|Win32
		{DD944834-7899-4C1C-A4C1-064B5009D239}.ReleaseLTCG|ARM.ActiveCfg = ReleaseLTCG|ARM
		{DD944834-7899-4C1C-A4C1-064B5009D239}.ReleaseLTCG|ARM.Build.0 = ReleaseLTCG|ARM
		{DD944834-7899-4C1C-A4C1-064B5009D239}.ReleaseLTCG|ARM64.ActiveCfg = ReleaseLTCG|ARM64
		{DD944834-7899-4C1C-A4C1-064B5009D239}.ReleaseLTCG|ARM64.Build.0 = ReleaseLTCG|ARM64
		{DD944834-7899-4C1C-A4C1-064B5009D239}.ReleaseLTCG|x64.ActiveCfg = ReleaseLTCG|x64
		{DD944834-7899-4C1C-A4C1-064B5009D239}.ReleaseLTCG|x64.Build.0 = ReleaseLTCG|x64
		{DD944834-7899-4C1C-A4C1-064B5009D239}.ReleaseLTCG|x86.ActiveCfg = ReleaseLTCG|Win32
		{DD944834-7899-4C1C-A4C1-064B5009D239}.ReleaseLTCG|x86.Build.0 = ReleaseLTCG|Win32
		{DD944834-7899-4C1C-A4C1-064B5009D239}.ReleaseUWP|ARM.ActiveCfg = ReleaseUWP|ARM
		{DD944834-7899-4C1C-A4C1-064B5009D239}.ReleaseUWP|ARM.Build.0 = ReleaseUWP|ARM
		{DD944834-7899-4C1C-A4C1-064B5009D239}.ReleaseUWP|ARM64.ActiveCfg = ReleaseUWP|ARM64
		{DD944834-7899-4C1C-A4C1-064B5009D239}.ReleaseUWP|ARM64.Build.0 = ReleaseUWP|ARM64
		{DD944834-7899-4C1C-A4C1-064B5009D239}.ReleaseUWP|x64.ActiveCfg = ReleaseUWP|x64
		{DD944834-7899-4C1C-A4C1-064B5009D239}.ReleaseUWP|x64.Build.0 = ReleaseUWP|x64
		{DD944834-7899-4C1C-A4C1-064B5009D239}.ReleaseUWP|x86.ActiveCfg = ReleaseUWP|Win32
		{DD944834-7899-4C1C-A4C1-064B5009D239}.ReleaseUWP|x86.Build.0 = ReleaseUWP|Win32
		{6245DEC8-D2DA-47EE-A373-CBD6FCF3ECE6}.Debug|ARM.ActiveCfg = Debug|ARM
		{6245DEC8-D2DA-47EE-A373-CBD6FCF3ECE6}.Debug|ARM.Build.0 = Debug|ARM
		{6245DEC8-D2DA-47EE-A373-CBD6FCF3ECE6}.Debug|ARM64.ActiveCfg = Debug|ARM64
		{6245DEC8-D2DA-47EE-A373-CBD6FCF3ECE6}.Debug|ARM64.Build.0 = Debug|ARM64
		{6245DEC8-D2DA-47EE-A373-CBD6FCF3ECE6}.Debug|x64.ActiveCfg = Debug|x64
		{6245DEC8-D2DA-47EE-A373-CBD6FCF3ECE6}.Debug|x64.Build.0 = Debug|x64
		{6245DEC8-D2DA-47EE-A373-CBD6FCF3ECE6}.Debug|x86.ActiveCfg = Debug|Win32
		{6245DEC8-D2DA-47EE-A373-CBD6FCF3ECE6}.Debug|x86.Build.0 = Debug|Win32
		{6245DEC8-D2DA-47EE-A373-CBD6FCF3ECE6}.DebugFast|ARM.ActiveCfg = DebugFast|ARM
		{6245DEC8-D2DA-47EE-A373-CBD6FCF3ECE6}.DebugFast|ARM.Build.0 = DebugFast|ARM
		{6245DEC8-D2DA-47EE-A373-CBD6FCF3ECE6}.DebugFast|ARM64.ActiveCfg = DebugFast|ARM64
		{6245DEC8-D2DA-47EE-A373-CBD6FCF3ECE6}.DebugFast|ARM64.Build.0 = DebugFast|ARM64
		{6245DEC8-D2DA-47EE-A373-CBD6FCF3ECE6}.DebugFast|x64.ActiveCfg = DebugFast|x64
		{6245DEC8-D2DA-47EE-A373-CBD6FCF3ECE6}.DebugFast|x64.Build.0 = DebugFast|x64
		{6245DEC8-D2DA-47EE-A373-CBD6FCF3ECE6}.DebugFast|x86.ActiveCfg = DebugFast|Win32
		{6245DEC8-D2DA-47EE-A373-CBD6FCF3ECE6}.DebugFast|x86.Build.0 = DebugFast|Win32
		{6245DEC8-D2DA-47EE-A373-CBD6FCF3ECE6}.DebugUWP|ARM.ActiveCfg = DebugUWP|ARM
		{6245DEC8-D2DA-47EE-A373-CBD6FCF3ECE6}.DebugUWP|ARM.Build.0 = DebugUWP|ARM
		{6245DEC8-D2DA-47EE-A373-CBD6FCF3ECE6}.DebugUWP|ARM64.ActiveCfg = DebugUWP|ARM64
		{6245DEC8-D2DA-47EE-A373-CBD6FCF3ECE6}.DebugUWP|ARM64.Build.0 = DebugUWP|ARM64
		{6245DEC8-D2DA-47EE-A373-CBD6FCF3ECE6}.DebugUWP|x64.ActiveCfg = DebugUWP|x64
		{6245DEC8-D2DA-47EE-A373-CBD6FCF3ECE6}.DebugUWP|x64.Build.0 = DebugUWP|x64
		{6245DEC8-D2DA-47EE-A373-CBD6FCF3ECE6}.DebugUWP|x86.ActiveCfg = DebugUWP|Win32
		{6245DEC8-D2DA-47EE-A373-CBD6FCF3ECE6}.DebugUWP|x86.Build.0 = DebugUWP|Win32
		{6245DEC8-D2DA-47EE-A373-CBD6FCF3ECE6}.Release|ARM.ActiveCfg = Release|ARM
		{6245DEC8-D2DA-47EE-A373-CBD6FCF3ECE6}.Release|ARM.Build.0 = Release|ARM
		{6245DEC8-D2DA-47EE-A373-CBD6FCF3ECE6}.Release|ARM64.ActiveCfg = Release|ARM64
		{6245DEC8-D2DA-47EE-A373-CBD6FCF3ECE6}.Release|ARM64.Build.0 = Release|ARM64
		{6245DEC8-D2DA-47EE-A373-CBD6FCF3ECE6}.Release|x64.ActiveCfg = Release|x64
		{6245DEC8-D2DA-47EE-A373-CBD6FCF3ECE6}.Release|x64.Build.0 = Release|x64
		{6245DEC8-D2DA-47EE-A373-CBD6FCF3ECE6}.Release|x86.ActiveCfg = Release|Win32
		{6245DEC8-D2DA-47EE-A373-CBD6FCF3ECE6}.Release|x86.Build.0 = Release|Win32
		{6245DEC8-D2DA-47EE-A373-CBD6FCF3ECE6}.ReleaseLTCG|ARM.ActiveCfg = ReleaseLTCG|ARM
		{6245DEC8-D2DA-47EE-A373-CBD6FCF3ECE6}.ReleaseLTCG|ARM.Build.0 = ReleaseLTCG|ARM
		{6245DEC8-D2DA-47EE-A373-CBD6FCF3ECE6}.ReleaseLTCG|ARM64.ActiveCfg = ReleaseLTCG|ARM64
		{6245DEC8-D2DA-47EE-A373-CBD6FCF3ECE6}.ReleaseLTCG|ARM64.Build.0 = ReleaseLTCG|ARM64
		{6245DEC8-D2DA-47EE-A373-CBD6FCF3ECE6}.ReleaseLTCG|x64.ActiveCfg = ReleaseLTCG|x64
		{6245DEC8-D2DA-47EE-A373-CBD6FCF3ECE6}.ReleaseLTCG|x64.Build.0 = ReleaseLTCG|x64
		{6245DEC8-D2DA-47EE-A373-CBD6FCF3ECE6}.ReleaseLTCG|x86.ActiveCfg = ReleaseLTCG|Win32
		{6245DEC8-D2DA-47EE-A373-CBD6FCF3ECE6}.ReleaseLTCG|x86.Build.0 = ReleaseLTCG|Win32
		{6245DEC8-D2DA-47EE-A373-CBD6FCF3ECE6}.ReleaseUWP|ARM.ActiveCfg = ReleaseUWP|ARM
		{6245DEC8-D2DA-47EE-A373-CBD6FCF3ECE6}.ReleaseUWP|ARM.Build.0 = ReleaseUWP|ARM
		{6245DEC8-D2DA-47EE-A373-CBD6FCF3ECE6}.ReleaseUWP|ARM64.ActiveCfg = ReleaseUWP|ARM64
		{6245DEC8-D2DA-47EE-A373-CBD6FCF3ECE6}.ReleaseUWP|ARM64.Build.0 = ReleaseUWP|ARM64
		{6245DEC8-D2DA-47EE-A373-CBD6FCF3ECE6}.ReleaseUWP|x64.ActiveCfg = ReleaseUWP|x64
		{6245DEC8-D2DA-47EE-A373-CBD6FCF3ECE6}.ReleaseUWP|x64.Build.0 = ReleaseUWP|x64
		{6245DEC8-D2DA-47EE-A373-CBD6FCF3ECE6}.ReleaseUWP|x86.ActiveCfg = ReleaseUWP|Win32
		{6245DEC8-D2DA-47EE-A373-CBD6FCF3ECE6}.ReleaseUWP|x86.Build.0 = ReleaseUWP|Win32
		{09553C96-9F39-49BF-8AE6-7ACBD07C410C}.Debug|ARM.ActiveCfg = Debug|ARM
		{09553C96-9F39-49BF-8AE6-7ACBD07C410C}.Debug|ARM.Build.0 = Debug|ARM
		{09553C96-9F39-49BF-8AE6-7ACBD07C410C}.Debug|ARM64.ActiveCfg = Debug|ARM64
		{09553C96-9F39-49BF-8AE6-7ACBD07C410C}.Debug|ARM64.Build.0 = Debug|ARM64
		{09553C96-9F39-49BF-8AE6-7ACBD07C410C}.Debug|x64.ActiveCfg = Debug|x64
		{09553C96-9F39-49BF-8AE6-7ACBD07C410C}.Debug|x64.Build.0 = Debug|x64
		{09553C96-9F39-49BF-8AE6-7ACBD07C410C}.Debug|x86.ActiveCfg = Debug|Win32
		{09553C96-9F39-49BF-8AE6-7ACBD07C410C}.Debug|x86.Build.0 = Debug|Win32
		{09553C96-9F39-49BF-8AE6-7ACBD07C410C}.DebugFast|ARM.ActiveCfg = DebugFast|ARM
		{09553C96-9F39-49BF-8AE6-7ACBD07C410C}.DebugFast|ARM.Build.0 = DebugFast|ARM
		{09553C96-9F39-49BF-8AE6-7ACBD07C410C}.DebugFast|ARM64.ActiveCfg = DebugFast|ARM64
		{09553C96-9F39-49BF-8AE6-7ACBD07C410C}.DebugFast|ARM64.Build.0 = DebugFast|ARM64
		{09553C96-9F39-49BF-8AE6-7ACBD07C410C}.DebugFast|x64.ActiveCfg = DebugFast|x64
		{09553C96-9F39-49BF-8AE6-7ACBD07C410C}.DebugFast|x64.Build.0 = DebugFast|x64
		{09553C96-9F39-49BF-8AE6-7ACBD07C410C}.DebugFast|x86.ActiveCfg = DebugFast|Win32
		{09553C96-9F39-49BF-8AE6-7ACBD07C410C}.DebugFast|x86.Build.0 = DebugFast|Win32
		{09553C96-9F39-49BF-8AE6-7ACBD07C410C}.DebugUWP|ARM.ActiveCfg = DebugUWP|ARM
		{09553C96-9F39-49BF-8AE6-7ACBD07C410C}.DebugUWP|ARM.Build.0 = DebugUWP|ARM
		{09553C96-9F39-49BF-8AE6-7ACBD07C410C}.DebugUWP|ARM64.ActiveCfg = DebugUWP|ARM64
		{09553C96-9F39-49BF-8AE6-7ACBD07C410C}.DebugUWP|ARM64.Build.0 = DebugUWP|ARM64
		{09553C96-9F39-49BF-8AE6-7ACBD07C410C}.DebugUWP|x64.ActiveCfg = DebugUWP|x64
		{09553C96-9F39-49BF-8AE6-7ACBD07C410C}.DebugUWP|x64.Build.0 = DebugUWP|x64
		{09553C96-9F39-49BF-8AE6-7ACBD07C410C}.DebugUWP|x86.ActiveCfg = DebugUWP|Win32
		{09553C96-9F39-49BF-8AE6-7ACBD07C410C}.DebugUWP|x86.Build.0 = DebugUWP|Win32
		{09553C96-9F39-49BF-8AE6-7ACBD07C410C}.Release|ARM.ActiveCfg = Release|ARM
		{09553C96-9F39-49BF-8AE6-7ACBD07C410C}.Release|ARM.Build.0 = Release|ARM
		{09553C96-9F39-49BF-8AE6-7ACBD07C410C}.Release|ARM64.ActiveCfg = Release|ARM64
		{09553C96-9F39-49BF-8AE6-7ACBD07C410C}.Release|ARM64.Build.0 = Release|ARM64
		{09553C96-9F39-49BF-8AE6-7ACBD07C410C}.Release|x64.ActiveCfg = Release|x64
		{09553C96-9F39-49BF-8AE6-7ACBD07C410C}.Release|x64.Build.0 = Release|x64
		{09553C96-9F39-49BF-8AE6-7ACBD07C410C}.Release|x86.ActiveCfg = Release|Win32
		{09553C96-9F39-49BF-8AE6-7ACBD07C410C}.Release|x86.Build.0 = Release|Win32
		{09553C96-9F39-49BF-8AE6-7ACBD07C410C}.ReleaseLTCG|ARM.ActiveCfg = ReleaseLTCG|ARM
		{09553C96-9F39-49BF-8AE6-7ACBD07C410C}.ReleaseLTCG|ARM.Build.0 = ReleaseLTCG|ARM
		{09553C96-9F39-49BF-8AE6-7ACBD07C410C}.ReleaseLTCG|ARM64.ActiveCfg = ReleaseLTCG|ARM64
		{09553C96-9F39-49BF-8AE6-7ACBD07C410C}.ReleaseLTCG|ARM64.Build.0 = ReleaseLTCG|ARM64
		{09553C96-9F39-49BF-8AE6-7ACBD07C410C}.ReleaseLTCG|x64.ActiveCfg = ReleaseLTCG|x64
		{09553C96-9F39-49BF-8AE6-7ACBD07C410C}.ReleaseLTCG|x64.Build.0 = ReleaseLTCG|x64
		{09553C96-9F39-49BF-8AE6-7ACBD07C410C}.ReleaseLTCG|x86.ActiveCfg = ReleaseLTCG|Win32
		{09553C96-9F39-49BF-8AE6-7ACBD07C410C}.ReleaseLTCG|x86.Build.0 = ReleaseLTCG|Win32
		{09553C96-9F39-49BF-8AE6-7ACBD07C410C}.ReleaseUWP|ARM.ActiveCfg = ReleaseUWP|ARM
		{09553C96-9F39-49BF-8AE6-7ACBD07C410C}.ReleaseUWP|ARM.Build.0 = ReleaseUWP|ARM
		{09553C96-9F39-49BF-8AE6-7ACBD07C410C}.ReleaseUWP|ARM64.ActiveCfg = ReleaseUWP|ARM64
		{09553C96-9F39-49BF-8AE6-7ACBD07C410C}.ReleaseUWP|ARM64.Build.0 = ReleaseUWP|ARM64
		{09553C96-9F39-49BF-8AE6-7ACBD07C410C}.ReleaseUWP|x64.ActiveCfg = ReleaseUWP|x64
		{09553C96-9F39-49BF-8AE6-7ACBD07C410C}.ReleaseUWP|x64.Build.0 = ReleaseUWP|x64
		{09553C96-9F39-49BF-8AE6-7ACBD07C410C}.ReleaseUWP|x86.ActiveCfg = ReleaseUWP|Win32
		{09553C96-9F39-49BF-8AE6-7ACBD07C410C}.ReleaseUWP|x86.Build.0 = ReleaseUWP|Win32
		{075CED82-6A20-46DF-94C7-9624AC9DDBEB}.Debug|ARM.ActiveCfg = Debug|ARM
		{075CED82-6A20-46DF-94C7-9624AC9DDBEB}.Debug|ARM.Build.0 = Debug|ARM
		{075CED82-6A20-46DF-94C7-9624AC9DDBEB}.Debug|ARM64.ActiveCfg = Debug|ARM64
		{075CED82-6A20-46DF-94C7-9624AC9DDBEB}.Debug|ARM64.Build.0 = Debug|ARM64
		{075CED82-6A20-46DF-94C7-9624AC9DDBEB}.Debug|x64.ActiveCfg = Debug|x64
		{075CED82-6A20-46DF-94C7-9624AC9DDBEB}.Debug|x64.Build.0 = Debug|x64
		{075CED82-6A20-46DF-94C7-9624AC9DDBEB}.Debug|x86.ActiveCfg = Debug|Win32
		{075CED82-6A20-46DF-94C7-9624AC9DDBEB}.Debug|x86.Build.0 = Debug|Win32
		{075CED82-6A20-46DF-94C7-9624AC9DDBEB}.DebugFast|ARM.ActiveCfg = DebugFast|ARM
		{075CED82-6A20-46DF-94C7-9624AC9DDBEB}.DebugFast|ARM.Build.0 = DebugFast|ARM
		{075CED82-6A20-46DF-94C7-9624AC9DDBEB}.DebugFast|ARM64.ActiveCfg = DebugFast|ARM64
		{075CED82-6A20-46DF-94C7-9624AC9DDBEB}.DebugFast|ARM64.Build.0 = DebugFast|ARM64
		{075CED82-6A20-46DF-94C7-9624AC9DDBEB}.DebugFast|x64.ActiveCfg = DebugFast|x64
		{075CED82-6A20-46DF-94C7-9624AC9DDBEB}.DebugFast|x64.Build.0 = DebugFast|x64
		{075CED82-6A20-46DF-94C7-9624AC9DDBEB}.DebugFast|x86.ActiveCfg = DebugFast|Win32
		{075CED82-6A20-46DF-94C7-9624AC9DDBEB}.DebugFast|x86.Build.0 = DebugFast|Win32
		{075CED82-6A20-46DF-94C7-9624AC9DDBEB}.DebugUWP|ARM.ActiveCfg = DebugUWP|ARM
		{075CED82-6A20-46DF-94C7-9624AC9DDBEB}.DebugUWP|ARM.Build.0 = DebugUWP|ARM
		{075CED82-6A20-46DF-94C7-9624AC9DDBEB}.DebugUWP|ARM64.ActiveCfg = DebugUWP|ARM64
		{075CED82-6A20-46DF-94C7-9624AC9DDBEB}.DebugUWP|ARM64.Build.0 = DebugUWP|ARM64
		{075CED82-6A20-46DF-94C7-9624AC9DDBEB}.DebugUWP|x64.ActiveCfg = DebugUWP|x64
		{075CED82-6A20-46DF-94C7-9624AC9DDBEB}.DebugUWP|x64.Build.0 = DebugUWP|x64
		{075CED82-6A20-46DF-94C7-9624AC9DDBEB}.DebugUWP|x86.ActiveCfg = DebugUWP|Win32
		{075CED82-6A20-46DF-94C7-9624AC9DDBEB}.DebugUWP|x86.Build.0 = DebugUWP|Win32
		{075CED82-6A20-46DF-94C7-9624AC9DDBEB}.Release|ARM.ActiveCfg = Release|ARM
		{075CED82-6A20-46DF-94C7-9624AC9DDBEB}.Release|ARM.Build.0 = Release|ARM
		{075CED82-6A20-46DF-94C7-9624AC9DDBEB}.Release|ARM64.ActiveCfg = Release|ARM64
		{075CED82-6A20-46DF-94C7-9624AC9DDBEB}.Release|ARM64.Build.0 = Release|ARM64
		{075CED82-6A20-46DF-94C7-9624AC9DDBEB}.Release|x64.ActiveCfg = Release|x64
		{075CED82-6A20-46DF-94C7-9624AC9DDBEB}.Release|x64.Build.0 = Release|x64
		{075CED82-6A20-46DF-94C7-9624AC9DDBEB}.Release|x86.ActiveCfg = Release|Win32
		{075CED82-6A20-46DF-94C7-9624AC9DDBEB}.Release|x86.Build.0 = Release|Win32
		{075CED82-6A20-46DF-94C7-9624AC9DDBEB}.ReleaseLTCG|ARM.ActiveCfg = ReleaseLTCG|ARM
		{075CED82-6A20-46DF-94C7-9624AC9DDBEB}.ReleaseLTCG|ARM.Build.0 = ReleaseLTCG|ARM
		{075CED82-6A20-46DF-94C7-9624AC9DDBEB}.ReleaseLTCG|ARM64.ActiveCfg = ReleaseLTCG|ARM64
		{075CED82-6A20-46DF-94C7-9624AC9DDBEB}.ReleaseLTCG|ARM64.Build.0 = ReleaseLTCG|ARM64
		{075CED82-6A20-46DF-94C7-9624AC9DDBEB}.ReleaseLTCG|x64.ActiveCfg = ReleaseLTCG|x64
		{075CED82-6A20-46DF-94C7-9624AC9DDBEB}.ReleaseLTCG|x64.Build.0 = ReleaseLTCG|x64
		{075CED82-6A20-46DF-94C7-9624AC9DDBEB}.ReleaseLTCG|x86.ActiveCfg = ReleaseLTCG|Win32
		{075CED82-6A20-46DF-94C7-9624AC9DDBEB}.ReleaseLTCG|x86.Build.0 = ReleaseLTCG|Win32
		{075CED82-6A20-46DF-94C7-9624AC9DDBEB}.ReleaseUWP|ARM.ActiveCfg = ReleaseUWP|ARM
		{075CED82-6A20-46DF-94C7-9624AC9DDBEB}.ReleaseUWP|ARM.Build.0 = ReleaseUWP|ARM
		{075CED82-6A20-46DF-94C7-9624AC9DDBEB}.ReleaseUWP|ARM64.ActiveCfg = ReleaseUWP|ARM64
		{075CED82-6A20-46DF-94C7-9624AC9DDBEB}.ReleaseUWP|ARM64.Build.0 = ReleaseUWP|ARM64
		{075CED82-6A20-46DF-94C7-9624AC9DDBEB}.ReleaseUWP|x64.ActiveCfg = ReleaseUWP|x64
		{075CED82-6A20-46DF-94C7-9624AC9DDBEB}.ReleaseUWP|x64.Build.0 = ReleaseUWP|x64
		{075CED82-6A20-46DF-94C7-9624AC9DDBEB}.ReleaseUWP|x86.ActiveCfg = ReleaseUWP|Win32
		{075CED82-6A20-46DF-94C7-9624AC9DDBEB}.ReleaseUWP|x86.Build.0 = ReleaseUWP|Win32
		{7F909E29-4808-4BD9-A60C-56C51A3AAEC2}.Debug|ARM.ActiveCfg = Debug|ARM
		{7F909E29-4808-4BD9-A60C-56C51A3AAEC2}.Debug|ARM.Build.0 = Debug|ARM
		{7F909E29-4808-4BD9-A60C-56C51A3AAEC2}.Debug|ARM64.ActiveCfg = Debug|ARM64
		{7F909E29-4808-4BD9-A60C-56C51A3AAEC2}.Debug|ARM64.Build.0 = Debug|ARM64
		{7F909E29-4808-4BD9-A60C-56C51A3AAEC2}.Debug|x64.ActiveCfg = Debug|x64
		{7F909E29-4808-4BD9-A60C-56C51A3AAEC2}.Debug|x64.Build.0 = Debug|x64
		{7F909E29-4808-4BD9-A60C-56C51A3AAEC2}.Debug|x86.ActiveCfg = Debug|Win32
		{7F909E29-4808-4BD9-A60C-56C51A3AAEC2}.Debug|x86.Build.0 = Debug|Win32
		{7F909E29-4808-4BD9-A60C-56C51A3AAEC2}.DebugFast|ARM.ActiveCfg = DebugFast|ARM
		{7F909E29-4808-4BD9-A60C-56C51A3AAEC2}.DebugFast|ARM.Build.0 = DebugFast|ARM
		{7F909E29-4808-4BD9-A60C-56C51A3AAEC2}.DebugFast|ARM64.ActiveCfg = DebugFast|ARM64
		{7F909E29-4808-4BD9-A60C-56C51A3AAEC2}.DebugFast|ARM64.Build.0 = DebugFast|ARM64
		{7F909E29-4808-4BD9-A60C-56C51A3AAEC2}.DebugFast|x64.ActiveCfg = DebugFast|x64
		{7F909E29-4808-4BD9-A60C-56C51A3AAEC2}.DebugFast|x64.Build.0 = DebugFast|x64
		{7F909E29-4808-4BD9-A60C-56C51A3AAEC2}.DebugFast|x86.ActiveCfg = DebugFast|Win32
		{7F909E29-4808-4BD9-A60C-56C51A3AAEC2}.DebugFast|x86.Build.0 = DebugFast|Win32
		{7F909E29-4808-4BD9-A60C-56C51A3AAEC2}.DebugUWP|ARM.ActiveCfg = DebugUWP|ARM
		{7F909E29-4808-4BD9-A60C-56C51A3AAEC2}.DebugUWP|ARM.Build.0 = DebugUWP|ARM
		{7F909E29-4808-4BD9-A60C-56C51A3AAEC2}.DebugUWP|ARM64.ActiveCfg = DebugUWP|ARM64
		{7F909E29-4808-4BD9-A60C-56C51A3AAEC2}.DebugUWP|ARM64.Build.0 = DebugUWP|ARM64
		{7F909E29-4808-4BD9-A60C-56C51A3AAEC2}.DebugUWP|x64.ActiveCfg = DebugUWP|x64
		{7F909E29-4808-4BD9-A60C-56C51A3AAEC2}.DebugUWP|x64.Build.0 = DebugUWP|x64
		{7F909E29-4808-4BD9-A60C-56C51A3AAEC2}.DebugUWP|x86.ActiveCfg = DebugUWP|Win32
		{7F909E29-4808-4BD9-A60C-56C51A3AAEC2}.DebugUWP|x86.Build.0 = DebugUWP|Win32
		{7F909E29-4808-4BD9-A60C-56C51A3AAEC2}.Release|ARM.ActiveCfg = Release|ARM
		{7F909E29-4808-4BD9-A60C-56C51A3AAEC2}.Release|ARM.Build.0 = Release|ARM
		{7F909E29-4808-4BD9-A60C-56C51A3AAEC2}.Release|ARM64.ActiveCfg = Release|ARM64
		{7F909E29-4808-4BD9-A60C-56C51A3AAEC2}.Release|ARM64.Build.0 = Release|ARM64
		{7F909E29-4808-4BD9-A60C-56C51A3AAEC2}.Release|x64.ActiveCfg = Release|x64
		{7F909E29-4808-4BD9-A60C-56C51A3AAEC2}.Release|x64.Build.0 = Release|x64
		{7F909E29-4808-4BD9-A60C-56C51A3AAEC2}.Release|x86.ActiveCfg = Release|Win32
		{7F909E29-4808-4BD9-A60C-56C51A3AAEC2}.Release|x86.Build.0 = Release|Win32
		{7F909E29-4808-4BD9-A60C-56C51A3AAEC2}.ReleaseLTCG|ARM.ActiveCfg = ReleaseLTCG|ARM
		{7F909E29-4808-4BD9-A60C-56C51A3AAEC2}.ReleaseLTCG|ARM.Build.0 = ReleaseLTCG|ARM
		{7F909E29-4808-4BD9-A60C-56C51A3AAEC2}.ReleaseLTCG|ARM64.ActiveCfg = ReleaseLTCG|ARM64
		{7F909E29-4808-4BD9-A60C-56C51A3AAEC2}.ReleaseLTCG|ARM64.Build.0 = ReleaseLTCG|ARM64
		{7F909E29-4808-4BD9-A60C-56C51A3AAEC2}.ReleaseLTCG|x64.ActiveCfg = ReleaseLTCG|x64
		{7F909E29-4808-4BD9-A60C-56C51A3AAEC2}.ReleaseLTCG|x64.Build.0 = ReleaseLTCG|x64
		{7F909E29-4808-4BD9-A60C-56C51A3AAEC2}.ReleaseLTCG|x86.ActiveCfg = ReleaseLTCG|Win32
		{7F909E29-4808-4BD9-A60C-56C51A3AAEC2}.ReleaseLTCG|x86.Build.0 = ReleaseLTCG|Win32
		{7F909E29-4808-4BD9-A60C-56C51A3AAEC2}.ReleaseUWP|ARM.ActiveCfg = ReleaseUWP|ARM
		{7F909E29-4808-4BD9-A60C-56C51A3AAEC2}.ReleaseUWP|ARM.Build.0 = ReleaseUWP|ARM
		{7F909E29-4808-4BD9-A60C-56C51A3AAEC2}.ReleaseUWP|ARM64.ActiveCfg = ReleaseUWP|ARM64
		{7F909E29-4808-4BD9-A60C-56C51A3AAEC2}.ReleaseUWP|ARM64.Build.0 = ReleaseUWP|ARM64
		{7F909E29-4808-4BD9-A60C-56C51A3AAEC2}.ReleaseUWP|x64.ActiveCfg = ReleaseUWP|x64
		{7F909E29-4808-4BD9-A60C-56C51A3AAEC2}.ReleaseUWP|x64.Build.0 = ReleaseUWP|x64
		{7F909E29-4808-4BD9-A60C-56C51A3AAEC2}.ReleaseUWP|x86.ActiveCfg = ReleaseUWP|Win32
		{7F909E29-4808-4BD9-A60C-56C51A3AAEC2}.ReleaseUWP|x86.Build.0 = ReleaseUWP|Win32
		{8906836E-F06E-46E8-B11A-74E5E8C7B8FB}.Debug|ARM.ActiveCfg = Debug|ARM
		{8906836E-F06E-46E8-B11A-74E5E8C7B8FB}.Debug|ARM.Build.0 = Debug|ARM
		{8906836E-F06E-46E8-B11A-74E5E8C7B8FB}.Debug|ARM64.ActiveCfg = Debug|ARM64
		{8906836E-F06E-46E8-B11A-74E5E8C7B8FB}.Debug|ARM64.Build.0 = Debug|ARM64
		{8906836E-F06E-46E8-B11A-74E5E8C7B8FB}.Debug|x64.ActiveCfg = Debug|x64
		{8906836E-F06E-46E8-B11A-74E5E8C7B8FB}.Debug|x64.Build.0 = Debug|x64
		{8906836E-F06E-46E8-B11A-74E5E8C7B8FB}.Debug|x86.ActiveCfg = Debug|Win32
		{8906836E-F06E-46E8-B11A-74E5E8C7B8FB}.Debug|x86.Build.0 = Debug|Win32
		{8906836E-F06E-46E8-B11A-74E5E8C7B8FB}.DebugFast|ARM.ActiveCfg = DebugFast|ARM
		{8906836E-F06E-46E8-B11A-74E5E8C7B8FB}.DebugFast|ARM.Build.0 = DebugFast|ARM
		{8906836E-F06E-46E8-B11A-74E5E8C7B8FB}.DebugFast|ARM64.ActiveCfg = DebugFast|ARM64
		{8906836E-F06E-46E8-B11A-74E5E8C7B8FB}.DebugFast|ARM64.Build.0 = DebugFast|ARM64
		{8906836E-F06E-46E8-B11A-74E5E8C7B8FB}.DebugFast|x64.ActiveCfg = DebugFast|x64
		{8906836E-F06E-46E8-B11A-74E5E8C7B8FB}.DebugFast|x64.Build.0 = DebugFast|x64
		{8906836E-F06E-46E8-B11A-74E5E8C7B8FB}.DebugFast|x86.ActiveCfg = DebugFast|Win32
		{8906836E-F06E-46E8-B11A-74E5E8C7B8FB}.DebugFast|x86.Build.0 = DebugFast|Win32
		{8906836E-F06E-46E8-B11A-74E5E8C7B8FB}.DebugUWP|ARM.ActiveCfg = DebugUWP|ARM
		{8906836E-F06E-46E8-B11A-74E5E8C7B8FB}.DebugUWP|ARM.Build.0 = DebugUWP|ARM
		{8906836E-F06E-46E8-B11A-74E5E8C7B8FB}.DebugUWP|ARM64.ActiveCfg = DebugUWP|ARM64
		{8906836E-F06E-46E8-B11A-74E5E8C7B8FB}.DebugUWP|ARM64.Build.0 = DebugUWP|ARM64
		{8906836E-F06E-46E8-B11A-74E5E8C7B8FB}.DebugUWP|x64.ActiveCfg = DebugUWP|x64
		{8906836E-F06E-46E8-B11A-74E5E8C7B8FB}.DebugUWP|x86.ActiveCfg = DebugUWP|Win32
		{8906836E-F06E-46E8-B11A-74E5E8C7B8FB}.Release|ARM.ActiveCfg = Release|ARM
		{8906836E-F06E-46E8-B11A-74E5E8C7B8FB}.Release|ARM.Build.0 = Release|ARM
		{8906836E-F06E-46E8-B11A-74E5E8C7B8FB}.Release|ARM64.ActiveCfg = Release|ARM64
		{8906836E-F06E-46E8-B11A-74E5E8C7B8FB}.Release|ARM64.Build.0 = Release|ARM64
		{8906836E-F06E-46E8-B11A-74E5E8C7B8FB}.Release|x64.ActiveCfg = Release|x64
		{8906836E-F06E-46E8-B11A-74E5E8C7B8FB}.Release|x64.Build.0 = Release|x64
		{8906836E-F06E-46E8-B11A-74E5E8C7B8FB}.Release|x86.ActiveCfg = Release|Win32
		{8906836E-F06E-46E8-B11A-74E5E8C7B8FB}.Release|x86.Build.0 = Release|Win32
		{8906836E-F06E-46E8-B11A-74E5E8C7B8FB}.ReleaseLTCG|ARM.ActiveCfg = ReleaseLTCG|ARM
		{8906836E-F06E-46E8-B11A-74E5E8C7B8FB}.ReleaseLTCG|ARM.Build.0 = ReleaseLTCG|ARM
		{8906836E-F06E-46E8-B11A-74E5E8C7B8FB}.ReleaseLTCG|ARM64.ActiveCfg = ReleaseLTCG|ARM64
		{8906836E-F06E-46E8-B11A-74E5E8C7B8FB}.ReleaseLTCG|ARM64.Build.0 = ReleaseLTCG|ARM64
		{8906836E-F06E-46E8-B11A-74E5E8C7B8FB}.ReleaseLTCG|x64.ActiveCfg = ReleaseLTCG|x64
		{8906836E-F06E-46E8-B11A-74E5E8C7B8FB}.ReleaseLTCG|x64.Build.0 = ReleaseLTCG|x64
		{8906836E-F06E-46E8-B11A-74E5E8C7B8FB}.ReleaseLTCG|x86.ActiveCfg = ReleaseLTCG|Win32
		{8906836E-F06E-46E8-B11A-74E5E8C7B8FB}.ReleaseLTCG|x86.Build.0 = ReleaseLTCG|Win32
		{8906836E-F06E-46E8-B11A-74E5E8C7B8FB}.ReleaseUWP|ARM.ActiveCfg = ReleaseUWP|ARM
		{8906836E-F06E-46E8-B11A-74E5E8C7B8FB}.ReleaseUWP|ARM.Build.0 = ReleaseUWP|ARM
		{8906836E-F06E-46E8-B11A-74E5E8C7B8FB}.ReleaseUWP|ARM64.ActiveCfg = ReleaseUWP|ARM64
		{8906836E-F06E-46E8-B11A-74E5E8C7B8FB}.ReleaseUWP|ARM64.Build.0 = ReleaseUWP|ARM64
		{8906836E-F06E-46E8-B11A-74E5E8C7B8FB}.ReleaseUWP|x64.ActiveCfg = ReleaseUWP|x64
		{8906836E-F06E-46E8-B11A-74E5E8C7B8FB}.ReleaseUWP|x86.ActiveCfg = ReleaseUWP|Win32
		{39F0ADFF-3A84-470D-9CF0-CA49E164F2F3}.Debug|ARM.ActiveCfg = Debug|ARM
		{39F0ADFF-3A84-470D-9CF0-CA49E164F2F3}.Debug|ARM.Build.0 = Debug|ARM
		{39F0ADFF-3A84-470D-9CF0-CA49E164F2F3}.Debug|ARM64.ActiveCfg = Debug|ARM64
		{39F0ADFF-3A84-470D-9CF0-CA49E164F2F3}.Debug|ARM64.Build.0 = Debug|ARM64
		{39F0ADFF-3A84-470D-9CF0-CA49E164F2F3}.Debug|x64.ActiveCfg = Debug|x64
		{39F0ADFF-3A84-470D-9CF0-CA49E164F2F3}.Debug|x64.Build.0 = Debug|x64
		{39F0ADFF-3A84-470D-9CF0-CA49E164F2F3}.Debug|x86.ActiveCfg = Debug|Win32
		{39F0ADFF-3A84-470D-9CF0-CA49E164F2F3}.Debug|x86.Build.0 = Debug|Win32
		{39F0ADFF-3A84-470D-9CF0-CA49E164F2F3}.DebugFast|ARM.ActiveCfg = DebugFast|ARM
		{39F0ADFF-3A84-470D-9CF0-CA49E164F2F3}.DebugFast|ARM.Build.0 = DebugFast|ARM
		{39F0ADFF-3A84-470D-9CF0-CA49E164F2F3}.DebugFast|ARM64.ActiveCfg = DebugFast|ARM64
		{39F0ADFF-3A84-470D-9CF0-CA49E164F2F3}.DebugFast|ARM64.Build.0 = DebugFast|ARM64
		{39F0ADFF-3A84-470D-9CF0-CA49E164F2F3}.DebugFast|x64.ActiveCfg = DebugFast|x64
		{39F0ADFF-3A84-470D-9CF0-CA49E164F2F3}.DebugFast|x64.Build.0 = DebugFast|x64
		{39F0ADFF-3A84-470D-9CF0-CA49E164F2F3}.DebugFast|x86.ActiveCfg = DebugFast|Win32
		{39F0ADFF-3A84-470D-9CF0-CA49E164F2F3}.DebugFast|x86.Build.0 = DebugFast|Win32
		{39F0ADFF-3A84-470D-9CF0-CA49E164F2F3}.DebugUWP|ARM.ActiveCfg = DebugUWP|ARM
		{39F0ADFF-3A84-470D-9CF0-CA49E164F2F3}.DebugUWP|ARM.Build.0 = DebugUWP|ARM
		{39F0ADFF-3A84-470D-9CF0-CA49E164F2F3}.DebugUWP|ARM64.ActiveCfg = DebugUWP|ARM64
		{39F0ADFF-3A84-470D-9CF0-CA49E164F2F3}.DebugUWP|ARM64.Build.0 = DebugUWP|ARM64
		{39F0ADFF-3A84-470D-9CF0-CA49E164F2F3}.DebugUWP|x64.ActiveCfg = DebugUWP|x64
		{39F0ADFF-3A84-470D-9CF0-CA49E164F2F3}.DebugUWP|x64.Build.0 = DebugUWP|x64
		{39F0ADFF-3A84-470D-9CF0-CA49E164F2F3}.DebugUWP|x86.ActiveCfg = DebugUWP|Win32
		{39F0ADFF-3A84-470D-9CF0-CA49E164F2F3}.DebugUWP|x86.Build.0 = DebugUWP|Win32
		{39F0ADFF-3A84-470D-9CF0-CA49E164F2F3}.Release|ARM.ActiveCfg = Release|ARM
		{39F0ADFF-3A84-470D-9CF0-CA49E164F2F3}.Release|ARM.Build.0 = Release|ARM
		{39F0ADFF-3A84-470D-9CF0-CA49E164F2F3}.Release|ARM64.ActiveCfg = Release|ARM64
		{39F0ADFF-3A84-470D-9CF0-CA49E164F2F3}.Release|ARM64.Build.0 = Release|ARM64
		{39F0ADFF-3A84-470D-9CF0-CA49E164F2F3}.Release|x64.ActiveCfg = Release|x64
		{39F0ADFF-3A84-470D-9CF0-CA49E164F2F3}.Release|x64.Build.0 = Release|x64
		{39F0ADFF-3A84-470D-9CF0-CA49E164F2F3}.Release|x86.ActiveCfg = Release|Win32
		{39F0ADFF-3A84-470D-9CF0-CA49E164F2F3}.Release|x86.Build.0 = Release|Win32
		{39F0ADFF-3A84-470D-9CF0-CA49E164F2F3}.ReleaseLTCG|ARM.ActiveCfg = ReleaseLTCG|ARM
		{39F0ADFF-3A84-470D-9CF0-CA49E164F2F3}.ReleaseLTCG|ARM.Build.0 = ReleaseLTCG|ARM
		{39F0ADFF-3A84-470D-9CF0-CA49E164F2F3}.ReleaseLTCG|ARM64.ActiveCfg = ReleaseLTCG|ARM64
		{39F0ADFF-3A84-470D-9CF0-CA49E164F2F3}.ReleaseLTCG|ARM64.Build.0 = ReleaseLTCG|ARM64
		{39F0ADFF-3A84-470D-9CF0-CA49E164F2F3}.ReleaseLTCG|x64.ActiveCfg = ReleaseLTCG|x64
		{39F0ADFF-3A84-470D-9CF0-CA49E164F2F3}.ReleaseLTCG|x64.Build.0 = ReleaseLTCG|x64
		{39F0ADFF-3A84-470D-9CF0-CA49E164F2F3}.ReleaseLTCG|x86.ActiveCfg = ReleaseLTCG|Win32
		{39F0ADFF-3A84-470D-9CF0-CA49E164F2F3}.ReleaseLTCG|x86.Build.0 = ReleaseLTCG|Win32
		{39F0ADFF-3A84-470D-9CF0-CA49E164F2F3}.ReleaseUWP|ARM.ActiveCfg = ReleaseUWP|ARM
		{39F0ADFF-3A84-470D-9CF0-CA49E164F2F3}.ReleaseUWP|ARM.Build.0 = ReleaseUWP|ARM
		{39F0ADFF-3A84-470D-9CF0-CA49E164F2F3}.ReleaseUWP|ARM64.ActiveCfg = ReleaseUWP|ARM64
		{39F0ADFF-3A84-470D-9CF0-CA49E164F2F3}.ReleaseUWP|ARM64.Build.0 = ReleaseUWP|ARM64
		{39F0ADFF-3A84-470D-9CF0-CA49E164F2F3}.ReleaseUWP|x64.ActiveCfg = ReleaseUWP|x64
		{39F0ADFF-3A84-470D-9CF0-CA49E164F2F3}.ReleaseUWP|x64.Build.0 = ReleaseUWP|x64
		{39F0ADFF-3A84-470D-9CF0-CA49E164F2F3}.ReleaseUWP|x86.ActiveCfg = ReleaseUWP|Win32
		{39F0ADFF-3A84-470D-9CF0-CA49E164F2F3}.ReleaseUWP|x86.Build.0 = ReleaseUWP|Win32
		{4BA0A6D4-3AE1-42B2-9347-096FD023FF64}.Debug|ARM.ActiveCfg = Debug|ARM
		{4BA0A6D4-3AE1-42B2-9347-096FD023FF64}.Debug|ARM.Build.0 = Debug|ARM
		{4BA0A6D4-3AE1-42B2-9347-096FD023FF64}.Debug|ARM64.ActiveCfg = Debug|ARM64
		{4BA0A6D4-3AE1-42B2-9347-096FD023FF64}.Debug|ARM64.Build.0 = Debug|ARM64
		{4BA0A6D4-3AE1-42B2-9347-096FD023FF64}.Debug|x64.ActiveCfg = Debug|x64
		{4BA0A6D4-3AE1-42B2-9347-096FD023FF64}.Debug|x64.Build.0 = Debug|x64
		{4BA0A6D4-3AE1-42B2-9347-096FD023FF64}.Debug|x86.ActiveCfg = Debug|Win32
		{4BA0A6D4-3AE1-42B2-9347-096FD023FF64}.Debug|x86.Build.0 = Debug|Win32
		{4BA0A6D4-3AE1-42B2-9347-096FD023FF64}.DebugFast|ARM.ActiveCfg = DebugFast|ARM
		{4BA0A6D4-3AE1-42B2-9347-096FD023FF64}.DebugFast|ARM.Build.0 = DebugFast|ARM
		{4BA0A6D4-3AE1-42B2-9347-096FD023FF64}.DebugFast|ARM64.ActiveCfg = DebugFast|ARM64
		{4BA0A6D4-3AE1-42B2-9347-096FD023FF64}.DebugFast|ARM64.Build.0 = DebugFast|ARM64
		{4BA0A6D4-3AE1-42B2-9347-096FD023FF64}.DebugFast|x64.ActiveCfg = DebugFast|x64
		{4BA0A6D4-3AE1-42B2-9347-096FD023FF64}.DebugFast|x64.Build.0 = DebugFast|x64
		{4BA0A6D4-3AE1-42B2-9347-096FD023FF64}.DebugFast|x86.ActiveCfg = DebugFast|Win32
		{4BA0A6D4-3AE1-42B2-9347-096FD023FF64}.DebugFast|x86.Build.0 = DebugFast|Win32
		{4BA0A6D4-3AE1-42B2-9347-096FD023FF64}.DebugUWP|ARM.ActiveCfg = DebugUWP|ARM
		{4BA0A6D4-3AE1-42B2-9347-096FD023FF64}.DebugUWP|ARM.Build.0 = DebugUWP|ARM
		{4BA0A6D4-3AE1-42B2-9347-096FD023FF64}.DebugUWP|ARM64.ActiveCfg = DebugUWP|ARM64
		{4BA0A6D4-3AE1-42B2-9347-096FD023FF64}.DebugUWP|ARM64.Build.0 = DebugUWP|ARM64
		{4BA0A6D4-3AE1-42B2-9347-096FD023FF64}.DebugUWP|x64.ActiveCfg = DebugUWP|x64
		{4BA0A6D4-3AE1-42B2-9347-096FD023FF64}.DebugUWP|x64.Build.0 = DebugUWP|x64
		{4BA0A6D4-3AE1-42B2-9347-096FD023FF64}.DebugUWP|x86.ActiveCfg = DebugUWP|Win32
		{4BA0A6D4-3AE1-42B2-9347-096FD023FF64}.DebugUWP|x86.Build.0 = DebugUWP|Win32
		{4BA0A6D4-3AE1-42B2-9347-096FD023FF64}.Release|ARM.ActiveCfg = Release|ARM
		{4BA0A6D4-3AE1-42B2-9347-096FD023FF64}.Release|ARM.Build.0 = Release|ARM
		{4BA0A6D4-3AE1-42B2-9347-096FD023FF64}.Release|ARM64.ActiveCfg = Release|ARM64
		{4BA0A6D4-3AE1-42B2-9347-096FD023FF64}.Release|ARM64.Build.0 = Release|ARM64
		{4BA0A6D4-3AE1-42B2-9347-096FD023FF64}.Release|x64.ActiveCfg = Release|x64
		{4BA0A6D4-3AE1-42B2-9347-096FD023FF64}.Release|x64.Build.0 = Release|x64
		{4BA0A6D4-3AE1-42B2-9347-096FD023FF64}.Release|x86.ActiveCfg = Release|Win32
		{4BA0A6D4-3AE1-42B2-9347-096FD023FF64}.Release|x86.Build.0 = Release|Win32
		{4BA0A6D4-3AE1-42B2-9347-096FD023FF64}.ReleaseLTCG|ARM.ActiveCfg = ReleaseLTCG|ARM
		{4BA0A6D4-3AE1-42B2-9347-096FD023FF64}.ReleaseLTCG|ARM.Build.0 = ReleaseLTCG|ARM
		{4BA0A6D4-3AE1-42B2-9347-096FD023FF64}.ReleaseLTCG|ARM64.ActiveCfg = ReleaseLTCG|ARM64
		{4BA0A6D4-3AE1-42B2-9347-096FD023FF64}.ReleaseLTCG|ARM64.Build.0 = ReleaseLTCG|ARM64
		{4BA0A6D4-3AE1-42B2-9347-096FD023FF64}.ReleaseLTCG|x64.ActiveCfg = ReleaseLTCG|x64
		{4BA0A6D4-3AE1-42B2-9347-096FD023FF64}.ReleaseLTCG|x64.Build.0 = ReleaseLTCG|x64
		{4BA0A6D4-3AE1-42B2-9347-096FD023FF64}.ReleaseLTCG|x86.ActiveCfg = ReleaseLTCG|Win32
		{4BA0A6D4-3AE1-42B2-9347-096FD023FF64}.ReleaseLTCG|x86.Build.0 = ReleaseLTCG|Win32
		{4BA0A6D4-3AE1-42B2-9347-096FD023FF64}.ReleaseUWP|ARM.ActiveCfg = ReleaseUWP|ARM
		{4BA0A6D4-3AE1-42B2-9347-096FD023FF64}.ReleaseUWP|ARM.Build.0 = ReleaseUWP|ARM
		{4BA0A6D4-3AE1-42B2-9347-096FD023FF64}.ReleaseUWP|ARM64.ActiveCfg = ReleaseUWP|ARM64
		{4BA0A6D4-3AE1-42B2-9347-096FD023FF64}.ReleaseUWP|ARM64.Build.0 = ReleaseUWP|ARM64
		{4BA0A6D4-3AE1-42B2-9347-096FD023FF64}.ReleaseUWP|x64.ActiveCfg = ReleaseUWP|x64
		{4BA0A6D4-3AE1-42B2-9347-096FD023FF64}.ReleaseUWP|x64.Build.0 = ReleaseUWP|x64
		{4BA0A6D4-3AE1-42B2-9347-096FD023FF64}.ReleaseUWP|x86.ActiveCfg = ReleaseUWP|Win32
		{4BA0A6D4-3AE1-42B2-9347-096FD023FF64}.ReleaseUWP|x86.Build.0 = ReleaseUWP|Win32
		{E2A6CEA9-9537-4C61-B637-81F1F17EF638}.Debug|ARM.ActiveCfg = Debug|ARM
		{E2A6CEA9-9537-4C61-B637-81F1F17EF638}.Debug|ARM.Build.0 = Debug|ARM
		{E2A6CEA9-9537-4C61-B637-81F1F17EF638}.Debug|ARM.Deploy.0 = Debug|ARM
		{E2A6CEA9-9537-4C61-B637-81F1F17EF638}.Debug|ARM64.ActiveCfg = Debug|ARM64
		{E2A6CEA9-9537-4C61-B637-81F1F17EF638}.Debug|ARM64.Build.0 = Debug|ARM64
		{E2A6CEA9-9537-4C61-B637-81F1F17EF638}.Debug|ARM64.Deploy.0 = Debug|ARM64
		{E2A6CEA9-9537-4C61-B637-81F1F17EF638}.Debug|x64.ActiveCfg = Debug|x64
		{E2A6CEA9-9537-4C61-B637-81F1F17EF638}.Debug|x64.Build.0 = Debug|x64
		{E2A6CEA9-9537-4C61-B637-81F1F17EF638}.Debug|x64.Deploy.0 = Debug|x64
		{E2A6CEA9-9537-4C61-B637-81F1F17EF638}.Debug|x86.ActiveCfg = Debug|Win32
		{E2A6CEA9-9537-4C61-B637-81F1F17EF638}.Debug|x86.Build.0 = Debug|Win32
		{E2A6CEA9-9537-4C61-B637-81F1F17EF638}.Debug|x86.Deploy.0 = Debug|Win32
		{E2A6CEA9-9537-4C61-B637-81F1F17EF638}.DebugFast|ARM.ActiveCfg = DebugFast|ARM
		{E2A6CEA9-9537-4C61-B637-81F1F17EF638}.DebugFast|ARM.Build.0 = DebugFast|ARM
		{E2A6CEA9-9537-4C61-B637-81F1F17EF638}.DebugFast|ARM.Deploy.0 = DebugFast|ARM
		{E2A6CEA9-9537-4C61-B637-81F1F17EF638}.DebugFast|ARM64.ActiveCfg = DebugFast|ARM64
		{E2A6CEA9-9537-4C61-B637-81F1F17EF638}.DebugFast|ARM64.Build.0 = DebugFast|ARM64
		{E2A6CEA9-9537-4C61-B637-81F1F17EF638}.DebugFast|ARM64.Deploy.0 = DebugFast|ARM64
		{E2A6CEA9-9537-4C61-B637-81F1F17EF638}.DebugFast|x64.ActiveCfg = DebugFast|x64
		{E2A6CEA9-9537-4C61-B637-81F1F17EF638}.DebugFast|x64.Build.0 = DebugFast|x64
		{E2A6CEA9-9537-4C61-B637-81F1F17EF638}.DebugFast|x64.Deploy.0 = DebugFast|x64
		{E2A6CEA9-9537-4C61-B637-81F1F17EF638}.DebugFast|x86.ActiveCfg = DebugFast|Win32
		{E2A6CEA9-9537-4C61-B637-81F1F17EF638}.DebugFast|x86.Build.0 = DebugFast|Win32
		{E2A6CEA9-9537-4C61-B637-81F1F17EF638}.DebugFast|x86.Deploy.0 = DebugFast|Win32
		{E2A6CEA9-9537-4C61-B637-81F1F17EF638}.DebugUWP|ARM.ActiveCfg = DebugUWP|ARM
		{E2A6CEA9-9537-4C61-B637-81F1F17EF638}.DebugUWP|ARM.Build.0 = DebugUWP|ARM
		{E2A6CEA9-9537-4C61-B637-81F1F17EF638}.DebugUWP|ARM.Deploy.0 = DebugUWP|ARM
		{E2A6CEA9-9537-4C61-B637-81F1F17EF638}.DebugUWP|ARM64.ActiveCfg = DebugUWP|ARM64
		{E2A6CEA9-9537-4C61-B637-81F1F17EF638}.DebugUWP|ARM64.Build.0 = DebugUWP|ARM64
		{E2A6CEA9-9537-4C61-B637-81F1F17EF638}.DebugUWP|ARM64.Deploy.0 = DebugUWP|ARM64
		{E2A6CEA9-9537-4C61-B637-81F1F17EF638}.DebugUWP|x64.ActiveCfg = DebugUWP|x64
		{E2A6CEA9-9537-4C61-B637-81F1F17EF638}.DebugUWP|x64.Build.0 = DebugUWP|x64
		{E2A6CEA9-9537-4C61-B637-81F1F17EF638}.DebugUWP|x64.Deploy.0 = DebugUWP|x64
		{E2A6CEA9-9537-4C61-B637-81F1F17EF638}.DebugUWP|x86.ActiveCfg = DebugUWP|Win32
		{E2A6CEA9-9537-4C61-B637-81F1F17EF638}.DebugUWP|x86.Build.0 = DebugUWP|Win32
		{E2A6CEA9-9537-4C61-B637-81F1F17EF638}.DebugUWP|x86.Deploy.0 = DebugUWP|Win32
		{E2A6CEA9-9537-4C61-B637-81F1F17EF638}.Release|ARM.ActiveCfg = Release|ARM
		{E2A6CEA9-9537-4C61-B637-81F1F17EF638}.Release|ARM.Build.0 = Release|ARM
		{E2A6CEA9-9537-4C61-B637-81F1F17EF638}.Release|ARM.Deploy.0 = Release|ARM
		{E2A6CEA9-9537-4C61-B637-81F1F17EF638}.Release|ARM64.ActiveCfg = Release|ARM64
		{E2A6CEA9-9537-4C61-B637-81F1F17EF638}.Release|ARM64.Build.0 = Release|ARM64
		{E2A6CEA9-9537-4C61-B637-81F1F17EF638}.Release|ARM64.Deploy.0 = Release|ARM64
		{E2A6CEA9-9537-4C61-B637-81F1F17EF638}.Release|x64.ActiveCfg = Release|x64
		{E2A6CEA9-9537-4C61-B637-81F1F17EF638}.Release|x64.Build.0 = Release|x64
		{E2A6CEA9-9537-4C61-B637-81F1F17EF638}.Release|x64.Deploy.0 = Release|x64
		{E2A6CEA9-9537-4C61-B637-81F1F17EF638}.Release|x86.ActiveCfg = Release|Win32
		{E2A6CEA9-9537-4C61-B637-81F1F17EF638}.Release|x86.Build.0 = Release|Win32
		{E2A6CEA9-9537-4C61-B637-81F1F17EF638}.Release|x86.Deploy.0 = Release|Win32
		{E2A6CEA9-9537-4C61-B637-81F1F17EF638}.ReleaseLTCG|ARM.ActiveCfg = ReleaseLTCG|ARM
		{E2A6CEA9-9537-4C61-B637-81F1F17EF638}.ReleaseLTCG|ARM.Build.0 = ReleaseLTCG|ARM
		{E2A6CEA9-9537-4C61-B637-81F1F17EF638}.ReleaseLTCG|ARM.Deploy.0 = ReleaseLTCG|ARM
		{E2A6CEA9-9537-4C61-B637-81F1F17EF638}.ReleaseLTCG|ARM64.ActiveCfg = ReleaseLTCG|ARM64
		{E2A6CEA9-9537-4C61-B637-81F1F17EF638}.ReleaseLTCG|ARM64.Build.0 = ReleaseLTCG|ARM64
		{E2A6CEA9-9537-4C61-B637-81F1F17EF638}.ReleaseLTCG|ARM64.Deploy.0 = ReleaseLTCG|ARM64
		{E2A6CEA9-9537-4C61-B637-81F1F17EF638}.ReleaseLTCG|x64.ActiveCfg = ReleaseLTCG|x64
		{E2A6CEA9-9537-4C61-B637-81F1F17EF638}.ReleaseLTCG|x64.Build.0 = ReleaseLTCG|x64
		{E2A6CEA9-9537-4C61-B637-81F1F17EF638}.ReleaseLTCG|x64.Deploy.0 = ReleaseLTCG|x64
		{E2A6CEA9-9537-4C61-B637-81F1F17EF638}.ReleaseLTCG|x86.ActiveCfg = ReleaseLTCG|Win32
		{E2A6CEA9-9537-4C61-B637-81F1F17EF638}.ReleaseLTCG|x86.Build.0 = ReleaseLTCG|Win32
		{E2A6CEA9-9537-4C61-B637-81F1F17EF638}.ReleaseLTCG|x86.Deploy.0 = ReleaseLTCG|Win32
		{E2A6CEA9-9537-4C61-B637-81F1F17EF638}.ReleaseUWP|ARM.ActiveCfg = ReleaseUWP|ARM
		{E2A6CEA9-9537-4C61-B637-81F1F17EF638}.ReleaseUWP|ARM.Build.0 = ReleaseUWP|ARM
		{E2A6CEA9-9537-4C61-B637-81F1F17EF638}.ReleaseUWP|ARM.Deploy.0 = ReleaseUWP|ARM
		{E2A6CEA9-9537-4C61-B637-81F1F17EF638}.ReleaseUWP|ARM64.ActiveCfg = ReleaseUWP|ARM64
		{E2A6CEA9-9537-4C61-B637-81F1F17EF638}.ReleaseUWP|ARM64.Build.0 = ReleaseUWP|ARM64
		{E2A6CEA9-9537-4C61-B637-81F1F17EF638}.ReleaseUWP|ARM64.Deploy.0 = ReleaseUWP|ARM64
		{E2A6CEA9-9537-4C61-B637-81F1F17EF638}.ReleaseUWP|x64.ActiveCfg = ReleaseUWP|x64
		{E2A6CEA9-9537-4C61-B637-81F1F17EF638}.ReleaseUWP|x64.Build.0 = ReleaseUWP|x64
		{E2A6CEA9-9537-4C61-B637-81F1F17EF638}.ReleaseUWP|x64.Deploy.0 = ReleaseUWP|x64
		{E2A6CEA9-9537-4C61-B637-81F1F17EF638}.ReleaseUWP|x86.ActiveCfg = ReleaseUWP|Win32
		{E2A6CEA9-9537-4C61-B637-81F1F17EF638}.ReleaseUWP|x86.Build.0 = ReleaseUWP|Win32
		{E2A6CEA9-9537-4C61-B637-81F1F17EF638}.ReleaseUWP|x86.Deploy.0 = ReleaseUWP|Win32
		{57F6206D-F264-4B07-BAF8-11B9BBE1F455}.Debug|ARM.ActiveCfg = Debug|ARM
		{57F6206D-F264-4B07-BAF8-11B9BBE1F455}.Debug|ARM.Build.0 = Debug|ARM
		{57F6206D-F264-4B07-BAF8-11B9BBE1F455}.Debug|ARM64.ActiveCfg = Debug|ARM64
		{57F6206D-F264-4B07-BAF8-11B9BBE1F455}.Debug|ARM64.Build.0 = Debug|ARM64
		{57F6206D-F264-4B07-BAF8-11B9BBE1F455}.Debug|x64.ActiveCfg = Debug|x64
		{57F6206D-F264-4B07-BAF8-11B9BBE1F455}.Debug|x64.Build.0 = Debug|x64
		{57F6206D-F264-4B07-BAF8-11B9BBE1F455}.Debug|x86.ActiveCfg = Debug|Win32
		{57F6206D-F264-4B07-BAF8-11B9BBE1F455}.Debug|x86.Build.0 = Debug|Win32
		{57F6206D-F264-4B07-BAF8-11B9BBE1F455}.DebugFast|ARM.ActiveCfg = DebugFast|ARM
		{57F6206D-F264-4B07-BAF8-11B9BBE1F455}.DebugFast|ARM.Build.0 = DebugFast|ARM
		{57F6206D-F264-4B07-BAF8-11B9BBE1F455}.DebugFast|ARM64.ActiveCfg = DebugFast|ARM64
		{57F6206D-F264-4B07-BAF8-11B9BBE1F455}.DebugFast|ARM64.Build.0 = DebugFast|ARM64
		{57F6206D-F264-4B07-BAF8-11B9BBE1F455}.DebugFast|x64.ActiveCfg = DebugFast|x64
		{57F6206D-F264-4B07-BAF8-11B9BBE1F455}.DebugFast|x64.Build.0 = DebugFast|x64
		{57F6206D-F264-4B07-BAF8-11B9BBE1F455}.DebugFast|x86.ActiveCfg = DebugFast|Win32
		{57F6206D-F264-4B07-BAF8-11B9BBE1F455}.DebugFast|x86.Build.0 = DebugFast|Win32
		{57F6206D-F264-4B07-BAF8-11B9BBE1F455}.DebugUWP|ARM.ActiveCfg = DebugUWP|ARM
		{57F6206D-F264-4B07-BAF8-11B9BBE1F455}.DebugUWP|ARM.Build.0 = DebugUWP|ARM
		{57F6206D-F264-4B07-BAF8-11B9BBE1F455}.DebugUWP|ARM64.ActiveCfg = DebugUWP|ARM64
		{57F6206D-F264-4B07-BAF8-11B9BBE1F455}.DebugUWP|ARM64.Build.0 = DebugUWP|ARM64
		{57F6206D-F264-4B07-BAF8-11B9BBE1F455}.DebugUWP|x64.ActiveCfg = DebugUWP|x64
		{57F6206D-F264-4B07-BAF8-11B9BBE1F455}.DebugUWP|x64.Build.0 = DebugUWP|x64
		{57F6206D-F264-4B07-BAF8-11B9BBE1F455}.DebugUWP|x86.ActiveCfg = DebugUWP|Win32
		{57F6206D-F264-4B07-BAF8-11B9BBE1F455}.DebugUWP|x86.Build.0 = DebugUWP|Win32
		{57F6206D-F264-4B07-BAF8-11B9BBE1F455}.Release|ARM.ActiveCfg = Release|ARM
		{57F6206D-F264-4B07-BAF8-11B9BBE1F455}.Release|ARM.Build.0 = Release|ARM
		{57F6206D-F264-4B07-BAF8-11B9BBE1F455}.Release|ARM64.ActiveCfg = Release|ARM64
		{57F6206D-F264-4B07-BAF8-11B9BBE1F455}.Release|ARM64.Build.0 = Release|ARM64
		{57F6206D-F264-4B07-BAF8-11B9BBE1F455}.Release|x64.ActiveCfg = Release|x64
		{57F6206D-F264-4B07-BAF8-11B9BBE1F455}.Release|x64.Build.0 = Release|x64
		{57F6206D-F264-4B07-BAF8-11B9BBE1F455}.Release|x86.ActiveCfg = Release|Win32
		{57F6206D-F264-4B07-BAF8-11B9BBE1F455}.Release|x86.Build.0 = Release|Win32
		{57F6206D-F264-4B07-BAF8-11B9BBE1F455}.ReleaseLTCG|ARM.ActiveCfg = ReleaseLTCG|ARM
		{57F6206D-F264-4B07-BAF8-11B9BBE1F455}.ReleaseLTCG|ARM.Build.0 = ReleaseLTCG|ARM
		{57F6206D-F264-4B07-BAF8-11B9BBE1F455}.ReleaseLTCG|ARM64.ActiveCfg = ReleaseLTCG|ARM64
		{57F6206D-F264-4B07-BAF8-11B9BBE1F455}.ReleaseLTCG|ARM64.Build.0 = ReleaseLTCG|ARM64
		{57F6206D-F264-4B07-BAF8-11B9BBE1F455}.ReleaseLTCG|x64.ActiveCfg = ReleaseLTCG|x64
		{57F6206D-F264-4B07-BAF8-11B9BBE1F455}.ReleaseLTCG|x64.Build.0 = ReleaseLTCG|x64
		{57F6206D-F264-4B07-BAF8-11B9BBE1F455}.ReleaseLTCG|x86.ActiveCfg = ReleaseLTCG|Win32
		{57F6206D-F264-4B07-BAF8-11B9BBE1F455}.ReleaseLTCG|x86.Build.0 = ReleaseLTCG|Win32
		{57F6206D-F264-4B07-BAF8-11B9BBE1F455}.ReleaseUWP|ARM.ActiveCfg = ReleaseUWP|ARM
		{57F6206D-F264-4B07-BAF8-11B9BBE1F455}.ReleaseUWP|ARM.Build.0 = ReleaseUWP|ARM
		{57F6206D-F264-4B07-BAF8-11B9BBE1F455}.ReleaseUWP|ARM64.ActiveCfg = ReleaseUWP|ARM64
		{57F6206D-F264-4B07-BAF8-11B9BBE1F455}.ReleaseUWP|ARM64.Build.0 = ReleaseUWP|ARM64
		{57F6206D-F264-4B07-BAF8-11B9BBE1F455}.ReleaseUWP|x64.ActiveCfg = ReleaseUWP|x64
		{57F6206D-F264-4B07-BAF8-11B9BBE1F455}.ReleaseUWP|x64.Build.0 = ReleaseUWP|x64
		{57F6206D-F264-4B07-BAF8-11B9BBE1F455}.ReleaseUWP|x86.ActiveCfg = ReleaseUWP|Win32
		{57F6206D-F264-4B07-BAF8-11B9BBE1F455}.ReleaseUWP|x86.Build.0 = ReleaseUWP|Win32
		{8BE398E6-B882-4248-9065-FECC8728E038}.Debug|ARM.ActiveCfg = Debug|ARM
		{8BE398E6-B882-4248-9065-FECC8728E038}.Debug|ARM.Build.0 = Debug|ARM
		{8BE398E6-B882-4248-9065-FECC8728E038}.Debug|ARM64.ActiveCfg = Debug|ARM64
		{8BE398E6-B882-4248-9065-FECC8728E038}.Debug|ARM64.Build.0 = Debug|ARM64
		{8BE398E6-B882-4248-9065-FECC8728E038}.Debug|x64.ActiveCfg = Debug|x64
		{8BE398E6-B882-4248-9065-FECC8728E038}.Debug|x64.Build.0 = Debug|x64
		{8BE398E6-B882-4248-9065-FECC8728E038}.Debug|x86.ActiveCfg = Debug|Win32
		{8BE398E6-B882-4248-9065-FECC8728E038}.Debug|x86.Build.0 = Debug|Win32
		{8BE398E6-B882-4248-9065-FECC8728E038}.DebugFast|ARM.ActiveCfg = DebugFast|ARM
		{8BE398E6-B882-4248-9065-FECC8728E038}.DebugFast|ARM.Build.0 = DebugFast|ARM
		{8BE398E6-B882-4248-9065-FECC8728E038}.DebugFast|ARM64.ActiveCfg = DebugFast|ARM64
		{8BE398E6-B882-4248-9065-FECC8728E038}.DebugFast|ARM64.Build.0 = DebugFast|ARM64
		{8BE398E6-B882-4248-9065-FECC8728E038}.DebugFast|x64.ActiveCfg = DebugFast|x64
		{8BE398E6-B882-4248-9065-FECC8728E038}.DebugFast|x64.Build.0 = DebugFast|x64
		{8BE398E6-B882-4248-9065-FECC8728E038}.DebugFast|x86.ActiveCfg = DebugFast|Win32
		{8BE398E6-B882-4248-9065-FECC8728E038}.DebugFast|x86.Build.0 = DebugFast|Win32
		{8BE398E6-B882-4248-9065-FECC8728E038}.DebugUWP|ARM.ActiveCfg = DebugUWP|ARM
		{8BE398E6-B882-4248-9065-FECC8728E038}.DebugUWP|ARM.Build.0 = DebugUWP|ARM
		{8BE398E6-B882-4248-9065-FECC8728E038}.DebugUWP|ARM64.ActiveCfg = DebugUWP|ARM64
		{8BE398E6-B882-4248-9065-FECC8728E038}.DebugUWP|ARM64.Build.0 = DebugUWP|ARM64
		{8BE398E6-B882-4248-9065-FECC8728E038}.DebugUWP|x64.ActiveCfg = DebugUWP|x64
		{8BE398E6-B882-4248-9065-FECC8728E038}.DebugUWP|x64.Build.0 = DebugUWP|x64
		{8BE398E6-B882-4248-9065-FECC8728E038}.DebugUWP|x86.ActiveCfg = DebugUWP|Win32
		{8BE398E6-B882-4248-9065-FECC8728E038}.DebugUWP|x86.Build.0 = DebugUWP|Win32
		{8BE398E6-B882-4248-9065-FECC8728E038}.Release|ARM.ActiveCfg = Release|ARM
		{8BE398E6-B882-4248-9065-FECC8728E038}.Release|ARM.Build.0 = Release|ARM
		{8BE398E6-B882-4248-9065-FECC8728E038}.Release|ARM64.ActiveCfg = Release|ARM64
		{8BE398E6-B882-4248-9065-FECC8728E038}.Release|ARM64.Build.0 = Release|ARM64
		{8BE398E6-B882-4248-9065-FECC8728E038}.Release|x64.ActiveCfg = Release|x64
		{8BE398E6-B882-4248-9065-FECC8728E038}.Release|x64.Build.0 = Release|x64
		{8BE398E6-B882-4248-9065-FECC8728E038}.Release|x86.ActiveCfg = Release|Win32
		{8BE398E6-B882-4248-9065-FECC8728E038}.Release|x86.Build.0 = Release|Win32
		{8BE398E6-B882-4248-9065-FECC8728E038}.ReleaseLTCG|ARM.ActiveCfg = ReleaseLTCG|ARM
		{8BE398E6-B882-4248-9065-FECC8728E038}.ReleaseLTCG|ARM.Build.0 = ReleaseLTCG|ARM
		{8BE398E6-B882-4248-9065-FECC8728E038}.ReleaseLTCG|ARM64.ActiveCfg = ReleaseLTCG|ARM64
		{8BE398E6-B882-4248-9065-FECC8728E038}.ReleaseLTCG|ARM64.Build.0 = ReleaseLTCG|ARM64
		{8BE398E6-B882-4248-9065-FECC8728E038}.ReleaseLTCG|x64.ActiveCfg = ReleaseLTCG|x64
		{8BE398E6-B882-4248-9065-FECC8728E038}.ReleaseLTCG|x64.Build.0 = ReleaseLTCG|x64
		{8BE398E6-B882-4248-9065-FECC8728E038}.ReleaseLTCG|x86.ActiveCfg = ReleaseLTCG|Win32
		{8BE398E6-B882-4248-9065-FECC8728E038}.ReleaseLTCG|x86.Build.0 = ReleaseLTCG|Win32
		{8BE398E6-B882-4248-9065-FECC8728E038}.ReleaseUWP|ARM.ActiveCfg = ReleaseUWP|ARM
		{8BE398E6-B882-4248-9065-FECC8728E038}.ReleaseUWP|ARM.Build.0 = ReleaseUWP|ARM
		{8BE398E6-B882-4248-9065-FECC8728E038}.ReleaseUWP|ARM64.ActiveCfg = ReleaseUWP|ARM64
		{8BE398E6-B882-4248-9065-FECC8728E038}.ReleaseUWP|ARM64.Build.0 = ReleaseUWP|ARM64
		{8BE398E6-B882-4248-9065-FECC8728E038}.ReleaseUWP|x64.ActiveCfg = ReleaseUWP|x64
		{8BE398E6-B882-4248-9065-FECC8728E038}.ReleaseUWP|x64.Build.0 = ReleaseUWP|x64
		{8BE398E6-B882-4248-9065-FECC8728E038}.ReleaseUWP|x86.ActiveCfg = ReleaseUWP|Win32
		{8BE398E6-B882-4248-9065-FECC8728E038}.ReleaseUWP|x86.Build.0 = ReleaseUWP|Win32
	EndGlobalSection
	GlobalSection(SolutionProperties) = preSolution
		HideSolutionNode = FALSE
	EndGlobalSection
	GlobalSection(NestedProjects) = preSolution
		{43540154-9E1E-409C-834F-B84BE5621388} = {BA490C0E-497D-4634-A21E-E65012006385}
		{BB08260F-6FBC-46AF-8924-090EE71360C6} = {BA490C0E-497D-4634-A21E-E65012006385}
		{ED601289-AC1A-46B8-A8ED-17DB9EB73423} = {BA490C0E-497D-4634-A21E-E65012006385}
		{3773F4CC-614E-4028-8595-22E08CA649E3} = {BA490C0E-497D-4634-A21E-E65012006385}
		{933118A9-68C5-47B4-B151-B03C93961623} = {BA490C0E-497D-4634-A21E-E65012006385}
		{8BDA439C-6358-45FB-9994-2FF083BABE06} = {BA490C0E-497D-4634-A21E-E65012006385}
		{7FF9FDB9-D504-47DB-A16A-B08071999620} = {BA490C0E-497D-4634-A21E-E65012006385}
		{425D6C99-D1C8-43C2-B8AC-4D7B1D941017} = {BA490C0E-497D-4634-A21E-E65012006385}
		{DD944834-7899-4C1C-A4C1-064B5009D239} = {BA490C0E-497D-4634-A21E-E65012006385}
		{09553C96-9F39-49BF-8AE6-7ACBD07C410C} = {BA490C0E-497D-4634-A21E-E65012006385}
		{7F909E29-4808-4BD9-A60C-56C51A3AAEC2} = {BA490C0E-497D-4634-A21E-E65012006385}
		{8906836E-F06E-46E8-B11A-74E5E8C7B8FB} = {BA490C0E-497D-4634-A21E-E65012006385}
		{39F0ADFF-3A84-470D-9CF0-CA49E164F2F3} = {BA490C0E-497D-4634-A21E-E65012006385}
		{4BA0A6D4-3AE1-42B2-9347-096FD023FF64} = {BA490C0E-497D-4634-A21E-E65012006385}
		{57F6206D-F264-4B07-BAF8-11B9BBE1F455} = {BA490C0E-497D-4634-A21E-E65012006385}
		{8BE398E6-B882-4248-9065-FECC8728E038} = {BA490C0E-497D-4634-A21E-E65012006385}
	EndGlobalSection
	GlobalSection(ExtensibilityGlobals) = postSolution
		SolutionGuid = {26E40B32-7C1D-48D0-95F4-1A500E054028}
	EndGlobalSection
EndGlobal
